
Microsoft Visual Studio Solution File, Format Version 12.00
# Visual Studio Version 17
VisualStudioVersion = 17.10.35122.118
MinimumVisualStudioVersion = 10.0.40219.1
Project("{2150E333-8FDC-42A3-9474-1A3956D46DE8}") = "04 Web 应用程序", "04 Web 应用程序", "{CED86834-BE3B-46AC-A997-3899B6D899D1}"
EndProject
Project("{FAE04EC0-301F-11D3-BF4B-00C04F79EFBC}") = "Newtouch.HIS.Application", "Newtouch.Application\Newtouch.HIS.Application.csproj", "{F2035EE2-B73D-4FB8-A433-CAB465DE6A2A}"
EndProject
Project("{FAE04EC0-301F-11D3-BF4B-00C04F79EFBC}") = "Newtouch.HIS.Web", "Newtouch.Web\Newtouch.HIS.Web.csproj", "{BEF1F2C9-1903-4AC4-93BD-08452BFA37A3}"
EndProject
Project("{2150E333-8FDC-42A3-9474-1A3956D46DE8}") = "API", "API", "{2F454F01-DC26-4092-B178-394DEDDF1A98}"
EndProject
Project("{FAE04EC0-301F-11D3-BF4B-00C04F79EFBC}") = "Newtouch.HIS.Sett.API", "Newtouch.HIS.Sett.API\Newtouch.HIS.Sett.API.csproj", "{B4FE6B93-28F8-423C-BB0B-82E7415138AD}"
EndProject
Project("{FAE04EC0-301F-11D3-BF4B-00C04F79EFBC}") = "Newtouch.HIS.Sett.Request", "Newtouch.HIS.Sett.Request\Newtouch.HIS.Sett.Request.csproj", "{70CBABD6-62DA-45A5-9076-F80602FF6A64}"
EndProject
Project("{2150E333-8FDC-42A3-9474-1A3956D46DE8}") = "03 应用层", "03 应用层", "{7C5195CE-C854-4B41-BF68-2C0D15E159D5}"
EndProject
Project("{FAE04EC0-301F-11D3-BF4B-00C04F79EFBC}") = "Newtouch.HIS.DomainServices", "Newtouch.HIS.DomainServices\Newtouch.HIS.DomainServices.csproj", "{FF8D6441-0EE9-4D74-9087-52B378FB5F94}"
EndProject
Project("{2150E333-8FDC-42A3-9474-1A3956D46DE8}") = "02 Domain 服务", "02 Domain 服务", "{A6CD59D8-6131-4BCE-A5A7-F6075CF7EACC}"
EndProject
Project("{2150E333-8FDC-42A3-9474-1A3956D46DE8}") = "01 Common 基础结构层", "01 Common 基础结构层", "{33C0DAD3-5921-4584-BA77-28E212C3AAA2}"
EndProject
Project("{FAE04EC0-301F-11D3-BF4B-00C04F79EFBC}") = "Newtouch.Infrastructure", "Newtouch.Infrastructure\Newtouch.Infrastructure.csproj", "{3406E520-3554-4798-88AF-98D2581A572F}"
EndProject
Project("{FAE04EC0-301F-11D3-BF4B-00C04F79EFBC}") = "Newtouch.HIS.Domain", "Newtouch.Domain\Newtouch.HIS.Domain.csproj", "{7DC886CD-B8A0-44E8-AADD-57FCB0CFECB8}"
EndProject
Project("{FAE04EC0-301F-11D3-BF4B-00C04F79EFBC}") = "Newtouch.HIS.Repository", "Newtouch.Repository\Newtouch.HIS.Repository.csproj", "{875233BF-EA15-49E0-9A9C-77884A897FF6}"
EndProject
Project("{FAE04EC0-301F-11D3-BF4B-00C04F79EFBC}") = "Newtouch.HIS.Proxy", "Newtouch.HIS.Proxy\Newtouch.HIS.Proxy.csproj", "{3DD8B1D6-0B8B-4620-AB4A-0B584F1B5054}"
EndProject
Global
	GlobalSection(SolutionConfigurationPlatforms) = preSolution
		Debug|Any CPU = Debug|Any CPU
		Release|Any CPU = Release|Any CPU
	EndGlobalSection
	GlobalSection(ProjectConfigurationPlatforms) = postSolution
		{F2035EE2-B73D-4FB8-A433-CAB465DE6A2A}.Debug|Any CPU.ActiveCfg = Debug|Any CPU
		{F2035EE2-B73D-4FB8-A433-CAB465DE6A2A}.Debug|Any CPU.Build.0 = Debug|Any CPU
		{F2035EE2-B73D-4FB8-A433-CAB465DE6A2A}.Release|Any CPU.ActiveCfg = Release|Any CPU
		{F2035EE2-B73D-4FB8-A433-CAB465DE6A2A}.Release|Any CPU.Build.0 = Release|Any CPU
		{BEF1F2C9-1903-4AC4-93BD-08452BFA37A3}.Debug|Any CPU.ActiveCfg = Debug|Any CPU
		{BEF1F2C9-1903-4AC4-93BD-08452BFA37A3}.Debug|Any CPU.Build.0 = Debug|Any CPU
		{BEF1F2C9-1903-4AC4-93BD-08452BFA37A3}.Release|Any CPU.ActiveCfg = Release|Any CPU
		{BEF1F2C9-1903-4AC4-93BD-08452BFA37A3}.Release|Any CPU.Build.0 = Release|Any CPU
		{B4FE6B93-28F8-423C-BB0B-82E7415138AD}.Debug|Any CPU.ActiveCfg = Debug|Any CPU
		{B4FE6B93-28F8-423C-BB0B-82E7415138AD}.Debug|Any CPU.Build.0 = Debug|Any CPU
		{B4FE6B93-28F8-423C-BB0B-82E7415138AD}.Release|Any CPU.ActiveCfg = Release|Any CPU
		{B4FE6B93-28F8-423C-BB0B-82E7415138AD}.Release|Any CPU.Build.0 = Release|Any CPU
		{70CBABD6-62DA-45A5-9076-F80602FF6A64}.Debug|Any CPU.ActiveCfg = Debug|Any CPU
		{70CBABD6-62DA-45A5-9076-F80602FF6A64}.Debug|Any CPU.Build.0 = Debug|Any CPU
		{70CBABD6-62DA-45A5-9076-F80602FF6A64}.Release|Any CPU.ActiveCfg = Release|Any CPU
		{70CBABD6-62DA-45A5-9076-F80602FF6A64}.Release|Any CPU.Build.0 = Release|Any CPU
		{FF8D6441-0EE9-4D74-9087-52B378FB5F94}.Debug|Any CPU.ActiveCfg = Debug|Any CPU
		{FF8D6441-0EE9-4D74-9087-52B378FB5F94}.Debug|Any CPU.Build.0 = Debug|Any CPU
		{FF8D6441-0EE9-4D74-9087-52B378FB5F94}.Release|Any CPU.ActiveCfg = Release|Any CPU
		{FF8D6441-0EE9-4D74-9087-52B378FB5F94}.Release|Any CPU.Build.0 = Release|Any CPU
		{3406E520-3554-4798-88AF-98D2581A572F}.Debug|Any CPU.ActiveCfg = Debug|Any CPU
		{3406E520-3554-4798-88AF-98D2581A572F}.Debug|Any CPU.Build.0 = Debug|Any CPU
		{3406E520-3554-4798-88AF-98D2581A572F}.Release|Any CPU.ActiveCfg = Release|Any CPU
		{3406E520-3554-4798-88AF-98D2581A572F}.Release|Any CPU.Build.0 = Release|Any CPU
		{7DC886CD-B8A0-44E8-AADD-57FCB0CFECB8}.Debug|Any CPU.ActiveCfg = Debug|Any CPU
		{7DC886CD-B8A0-44E8-AADD-57FCB0CFECB8}.Debug|Any CPU.Build.0 = Debug|Any CPU
		{7DC886CD-B8A0-44E8-AADD-57FCB0CFECB8}.Release|Any CPU.ActiveCfg = Release|Any CPU
		{7DC886CD-B8A0-44E8-AADD-57FCB0CFECB8}.Release|Any CPU.Build.0 = Release|Any CPU
		{875233BF-EA15-49E0-9A9C-77884A897FF6}.Debug|Any CPU.ActiveCfg = Debug|Any CPU
		{875233BF-EA15-49E0-9A9C-77884A897FF6}.Debug|Any CPU.Build.0 = Debug|Any CPU
		{875233BF-EA15-49E0-9A9C-77884A897FF6}.Release|Any CPU.ActiveCfg = Release|Any CPU
		{875233BF-EA15-49E0-9A9C-77884A897FF6}.Release|Any CPU.Build.0 = Release|Any CPU
		{3DD8B1D6-0B8B-4620-AB4A-0B584F1B5054}.Debug|Any CPU.ActiveCfg = Debug|Any CPU
		{3DD8B1D6-0B8B-4620-AB4A-0B584F1B5054}.Debug|Any CPU.Build.0 = Debug|Any CPU
		{3DD8B1D6-0B8B-4620-AB4A-0B584F1B5054}.Release|Any CPU.ActiveCfg = Release|Any CPU
		{3DD8B1D6-0B8B-4620-AB4A-0B584F1B5054}.Release|Any CPU.Build.0 = Release|Any CPU
	EndGlobalSection
	GlobalSection(SolutionProperties) = preSolution
		HideSolutionNode = FALSE
	EndGlobalSection
	GlobalSection(NestedProjects) = preSolution
		{F2035EE2-B73D-4FB8-A433-CAB465DE6A2A} = {7C5195CE-C854-4B41-BF68-2C0D15E159D5}
		{BEF1F2C9-1903-4AC4-93BD-08452BFA37A3} = {CED86834-BE3B-46AC-A997-3899B6D899D1}
		{B4FE6B93-28F8-423C-BB0B-82E7415138AD} = {2F454F01-DC26-4092-B178-394DEDDF1A98}
		{70CBABD6-62DA-45A5-9076-F80602FF6A64} = {2F454F01-DC26-4092-B178-394DEDDF1A98}
		{FF8D6441-0EE9-4D74-9087-52B378FB5F94} = {A6CD59D8-6131-4BCE-A5A7-F6075CF7EACC}
		{3406E520-3554-4798-88AF-98D2581A572F} = {33C0DAD3-5921-4584-BA77-28E212C3AAA2}
		{7DC886CD-B8A0-44E8-AADD-57FCB0CFECB8} = {A6CD59D8-6131-4BCE-A5A7-F6075CF7EACC}
		{875233BF-EA15-49E0-9A9C-77884A897FF6} = {A6CD59D8-6131-4BCE-A5A7-F6075CF7EACC}
		{3DD8B1D6-0B8B-4620-AB4A-0B584F1B5054} = {A6CD59D8-6131-4BCE-A5A7-F6075CF7EACC}
	EndGlobalSection
	GlobalSection(ExtensibilityGlobals) = postSolution
		SolutionGuid = {84473C31-CB45-49FB-BB86-B275DF545422}
	EndGlobalSection
EndGlobal
