
Microsoft Visual Studio Solution File, Format Version 12.00
# Visual Studio Version 17
VisualStudioVersion = 17.10.35013.160
MinimumVisualStudioVersion = 10.0.40219.1
Project("{2150E333-8FDC-42A3-9474-1A3956D46DE8}") = "YiBao", "YiBao", "{8848174F-082F-4716-9105-7DA4EF72BB24}"
EndProject
Project("{FAE04EC0-301F-11D3-BF4B-00C04F79EFBC}") = "ShangHaiYiBaoApp", "ShangHaiYiBaoApp\ShangHaiYiBaoApp.csproj", "{7650EE17-3F43-43B5-920B-787DBFC47C47}"
EndProject
Project("{FAE04EC0-301F-11D3-BF4B-00C04F79EFBC}") = "YiBaoInterface", "YiBaoInterface\YiBaoInterface.csproj", "{DDF8D144-6E48-4C78-9E97-2DBAF7DEBA73}"
EndProject
Project("{FAE04EC0-301F-11D3-BF4B-00C04F79EFBC}") = "SqlHelper", "SqlHelper\SqlHelper.csproj", "{DD7D917C-D354-4A86-A0E6-65826772DE68}"
EndProject
Project("{FAE04EC0-301F-11D3-BF4B-00C04F79EFBC}") = "wqsj_PlatForm_DAS", "wqsj_PlatForm_DAS\wqsj_PlatForm_DAS.csproj", "{D49CD64B-3941-43A7-9935-416ED2402AA7}"
EndProject
Project("{FAE04EC0-301F-11D3-BF4B-00C04F79EFBC}") = "YiBaoBase", "YiBaoBase\YiBaoBase.csproj", "{379EE965-2430-4C3A-8197-CC8F6C48425F}"
EndProject
Project("{FAE04EC0-301F-11D3-BF4B-00C04F79EFBC}") = "YiBaoScheduling", "YiBaoScheduling\YiBaoScheduling\YiBaoScheduling.csproj", "{E67EB06E-C7D6-49F6-81B9-81BC810114FC}"
EndProject
Project("{FAE04EC0-301F-11D3-BF4B-00C04F79EFBC}") = "CommonYiBaoApp", "CommonYiBaoApp\CommonYiBaoApp.csproj", "{CFDA572A-6039-401A-A421-D96EB33FF4AF}"
EndProject
Project("{FAE04EC0-301F-11D3-BF4B-00C04F79EFBC}") = "CommonHelper", "CommonHelper\CommonHelper.csproj", "{F2BB84D6-472E-4AFA-9E43-6067D9F595EC}"
EndProject
Global
	GlobalSection(SolutionConfigurationPlatforms) = preSolution
		Debug|Any CPU = Debug|Any CPU
		Debug|x86 = Debug|x86
		Release|Any CPU = Release|Any CPU
		Release|x86 = Release|x86
	EndGlobalSection
	GlobalSection(ProjectConfigurationPlatforms) = postSolution
		{7650EE17-3F43-43B5-920B-787DBFC47C47}.Debug|Any CPU.ActiveCfg = Debug|Any CPU
		{7650EE17-3F43-43B5-920B-787DBFC47C47}.Debug|Any CPU.Build.0 = Debug|Any CPU
		{7650EE17-3F43-43B5-920B-787DBFC47C47}.Debug|x86.ActiveCfg = Debug|Any CPU
		{7650EE17-3F43-43B5-920B-787DBFC47C47}.Debug|x86.Build.0 = Debug|Any CPU
		{7650EE17-3F43-43B5-920B-787DBFC47C47}.Release|Any CPU.ActiveCfg = Release|Any CPU
		{7650EE17-3F43-43B5-920B-787DBFC47C47}.Release|Any CPU.Build.0 = Release|Any CPU
		{7650EE17-3F43-43B5-920B-787DBFC47C47}.Release|x86.ActiveCfg = Release|Any CPU
		{7650EE17-3F43-43B5-920B-787DBFC47C47}.Release|x86.Build.0 = Release|Any CPU
		{DDF8D144-6E48-4C78-9E97-2DBAF7DEBA73}.Debug|Any CPU.ActiveCfg = Debug|Any CPU
		{DDF8D144-6E48-4C78-9E97-2DBAF7DEBA73}.Debug|Any CPU.Build.0 = Debug|Any CPU
		{DDF8D144-6E48-4C78-9E97-2DBAF7DEBA73}.Debug|x86.ActiveCfg = Debug|Any CPU
		{DDF8D144-6E48-4C78-9E97-2DBAF7DEBA73}.Debug|x86.Build.0 = Debug|Any CPU
		{DDF8D144-6E48-4C78-9E97-2DBAF7DEBA73}.Release|Any CPU.ActiveCfg = Release|Any CPU
		{DDF8D144-6E48-4C78-9E97-2DBAF7DEBA73}.Release|Any CPU.Build.0 = Release|Any CPU
		{DDF8D144-6E48-4C78-9E97-2DBAF7DEBA73}.Release|x86.ActiveCfg = Release|Any CPU
		{DDF8D144-6E48-4C78-9E97-2DBAF7DEBA73}.Release|x86.Build.0 = Release|Any CPU
		{DD7D917C-D354-4A86-A0E6-65826772DE68}.Debug|Any CPU.ActiveCfg = Debug|Any CPU
		{DD7D917C-D354-4A86-A0E6-65826772DE68}.Debug|Any CPU.Build.0 = Debug|Any CPU
		{DD7D917C-D354-4A86-A0E6-65826772DE68}.Debug|x86.ActiveCfg = Debug|Any CPU
		{DD7D917C-D354-4A86-A0E6-65826772DE68}.Debug|x86.Build.0 = Debug|Any CPU
		{DD7D917C-D354-4A86-A0E6-65826772DE68}.Release|Any CPU.ActiveCfg = Release|Any CPU
		{DD7D917C-D354-4A86-A0E6-65826772DE68}.Release|Any CPU.Build.0 = Release|Any CPU
		{DD7D917C-D354-4A86-A0E6-65826772DE68}.Release|x86.ActiveCfg = Release|Any CPU
		{DD7D917C-D354-4A86-A0E6-65826772DE68}.Release|x86.Build.0 = Release|Any CPU
		{D49CD64B-3941-43A7-9935-416ED2402AA7}.Debug|Any CPU.ActiveCfg = Debug|Any CPU
		{D49CD64B-3941-43A7-9935-416ED2402AA7}.Debug|Any CPU.Build.0 = Debug|Any CPU
		{D49CD64B-3941-43A7-9935-416ED2402AA7}.Debug|x86.ActiveCfg = Debug|Any CPU
		{D49CD64B-3941-43A7-9935-416ED2402AA7}.Debug|x86.Build.0 = Debug|Any CPU
		{D49CD64B-3941-43A7-9935-416ED2402AA7}.Release|Any CPU.ActiveCfg = Release|Any CPU
		{D49CD64B-3941-43A7-9935-416ED2402AA7}.Release|Any CPU.Build.0 = Release|Any CPU
		{D49CD64B-3941-43A7-9935-416ED2402AA7}.Release|x86.ActiveCfg = Release|Any CPU
		{D49CD64B-3941-43A7-9935-416ED2402AA7}.Release|x86.Build.0 = Release|Any CPU
		{379EE965-2430-4C3A-8197-CC8F6C48425F}.Debug|Any CPU.ActiveCfg = Debug|Any CPU
		{379EE965-2430-4C3A-8197-CC8F6C48425F}.Debug|Any CPU.Build.0 = Debug|Any CPU
		{379EE965-2430-4C3A-8197-CC8F6C48425F}.Debug|x86.ActiveCfg = Debug|Any CPU
		{379EE965-2430-4C3A-8197-CC8F6C48425F}.Debug|x86.Build.0 = Debug|Any CPU
		{379EE965-2430-4C3A-8197-CC8F6C48425F}.Release|Any CPU.ActiveCfg = Release|Any CPU
		{379EE965-2430-4C3A-8197-CC8F6C48425F}.Release|Any CPU.Build.0 = Release|Any CPU
		{379EE965-2430-4C3A-8197-CC8F6C48425F}.Release|x86.ActiveCfg = Release|Any CPU
		{379EE965-2430-4C3A-8197-CC8F6C48425F}.Release|x86.Build.0 = Release|Any CPU
		{E67EB06E-C7D6-49F6-81B9-81BC810114FC}.Debug|Any CPU.ActiveCfg = Debug|Any CPU
		{E67EB06E-C7D6-49F6-81B9-81BC810114FC}.Debug|Any CPU.Build.0 = Debug|Any CPU
		{E67EB06E-C7D6-49F6-81B9-81BC810114FC}.Debug|x86.ActiveCfg = Debug|Any CPU
		{E67EB06E-C7D6-49F6-81B9-81BC810114FC}.Debug|x86.Build.0 = Debug|Any CPU
		{E67EB06E-C7D6-49F6-81B9-81BC810114FC}.Release|Any CPU.ActiveCfg = Release|Any CPU
		{E67EB06E-C7D6-49F6-81B9-81BC810114FC}.Release|Any CPU.Build.0 = Release|Any CPU
		{E67EB06E-C7D6-49F6-81B9-81BC810114FC}.Release|x86.ActiveCfg = Release|Any CPU
		{E67EB06E-C7D6-49F6-81B9-81BC810114FC}.Release|x86.Build.0 = Release|Any CPU
		{CFDA572A-6039-401A-A421-D96EB33FF4AF}.Debug|Any CPU.ActiveCfg = Debug|Any CPU
		{CFDA572A-6039-401A-A421-D96EB33FF4AF}.Debug|Any CPU.Build.0 = Debug|Any CPU
		{CFDA572A-6039-401A-A421-D96EB33FF4AF}.Debug|x86.ActiveCfg = Debug|Any CPU
		{CFDA572A-6039-401A-A421-D96EB33FF4AF}.Debug|x86.Build.0 = Debug|Any CPU
		{CFDA572A-6039-401A-A421-D96EB33FF4AF}.Release|Any CPU.ActiveCfg = Release|Any CPU
		{CFDA572A-6039-401A-A421-D96EB33FF4AF}.Release|Any CPU.Build.0 = Release|Any CPU
		{CFDA572A-6039-401A-A421-D96EB33FF4AF}.Release|x86.ActiveCfg = Release|Any CPU
		{CFDA572A-6039-401A-A421-D96EB33FF4AF}.Release|x86.Build.0 = Release|Any CPU
		{F2BB84D6-472E-4AFA-9E43-6067D9F595EC}.Debug|Any CPU.ActiveCfg = Debug|Any CPU
		{F2BB84D6-472E-4AFA-9E43-6067D9F595EC}.Debug|Any CPU.Build.0 = Debug|Any CPU
		{F2BB84D6-472E-4AFA-9E43-6067D9F595EC}.Debug|x86.ActiveCfg = Debug|Any CPU
		{F2BB84D6-472E-4AFA-9E43-6067D9F595EC}.Debug|x86.Build.0 = Debug|Any CPU
		{F2BB84D6-472E-4AFA-9E43-6067D9F595EC}.Release|Any CPU.ActiveCfg = Release|Any CPU
		{F2BB84D6-472E-4AFA-9E43-6067D9F595EC}.Release|Any CPU.Build.0 = Release|Any CPU
		{F2BB84D6-472E-4AFA-9E43-6067D9F595EC}.Release|x86.ActiveCfg = Release|Any CPU
		{F2BB84D6-472E-4AFA-9E43-6067D9F595EC}.Release|x86.Build.0 = Release|Any CPU
	EndGlobalSection
	GlobalSection(SolutionProperties) = preSolution
		HideSolutionNode = FALSE
	EndGlobalSection
	GlobalSection(NestedProjects) = preSolution
		{7650EE17-3F43-43B5-920B-787DBFC47C47} = {8848174F-082F-4716-9105-7DA4EF72BB24}
		{DDF8D144-6E48-4C78-9E97-2DBAF7DEBA73} = {8848174F-082F-4716-9105-7DA4EF72BB24}
		{DD7D917C-D354-4A86-A0E6-65826772DE68} = {8848174F-082F-4716-9105-7DA4EF72BB24}
		{D49CD64B-3941-43A7-9935-416ED2402AA7} = {8848174F-082F-4716-9105-7DA4EF72BB24}
		{379EE965-2430-4C3A-8197-CC8F6C48425F} = {8848174F-082F-4716-9105-7DA4EF72BB24}
		{CFDA572A-6039-401A-A421-D96EB33FF4AF} = {8848174F-082F-4716-9105-7DA4EF72BB24}
		{F2BB84D6-472E-4AFA-9E43-6067D9F595EC} = {8848174F-082F-4716-9105-7DA4EF72BB24}
	EndGlobalSection
	GlobalSection(ExtensibilityGlobals) = postSolution
		SolutionGuid = {EDD9037B-8829-4F59-B199-7BDDF93BDDC7}
	EndGlobalSection
EndGlobal
