
Microsoft Visual Studio Solution File, Format Version 12.00
# Visual Studio Version 17
VisualStudioVersion = 17.10.35122.118
MinimumVisualStudioVersion = 10.0.40219.1
Project("{FAE04EC0-301F-11D3-BF4B-00C04F79EFBC}") = "YiBaoScheduling", "YiBaoScheduling\YiBaoScheduling.csproj", "{E67EB06E-C7D6-49F6-81B9-81BC810114FC}"
EndProject
Global
	GlobalSection(SolutionConfigurationPlatforms) = preSolution
		Debug|Any CPU = Debug|Any CPU
		Release|Any CPU = Release|Any CPU
	EndGlobalSection
	GlobalSection(ProjectConfigurationPlatforms) = postSolution
		{E67EB06E-C7D6-49F6-81B9-81BC810114FC}.Debug|Any CPU.ActiveCfg = Debug|Any CPU
		{E67EB06E-C7D6-49F6-81B9-81BC810114FC}.Debug|Any CPU.Build.0 = Debug|Any CPU
		{E67EB06E-C7D6-49F6-81B9-81BC810114FC}.Release|Any CPU.ActiveCfg = Release|Any CPU
		{E67EB06E-C7D6-49F6-81B9-81BC810114FC}.Release|Any CPU.Build.0 = Release|Any CPU
	EndGlobalSection
	GlobalSection(SolutionProperties) = preSolution
		HideSolutionNode = FALSE
	EndGlobalSection
	GlobalSection(ExtensibilityGlobals) = postSolution
		SolutionGuid = {D8CBAA18-04F5-4C70-ABD8-F1FE81B6A70E}
	EndGlobalSection
EndGlobal
