
Microsoft Visual Studio Solution File, Format Version 12.00
# Visual Studio Version 17
VisualStudioVersion = 17.6.33829.357
MinimumVisualStudioVersion = 10.0.40219.1
Project("{9A19103F-16F7-4668-BE54-9A1E7A4F7556}") = "HIS.SSO", "HIS.SSO\HIS.SSO.csproj", "{E71AE7EA-3BB3-4890-A227-67E71C9E64B1}"
EndProject
Project("{9A19103F-16F7-4668-BE54-9A1E7A4F7556}") = "HIS.SSO.Domain", "HIS.SSO.Domain\HIS.SSO.Domain.csproj", "{E5F8945B-B18A-4314-A1E7-DC8FC5DF0F33}"
EndProject
Project("{9A19103F-16F7-4668-BE54-9A1E7A4F7556}") = "HIS.SSO.DomainService", "HIS.SSO.DomainService\HIS.SSO.DomainService.csproj", "{3C49F1F2-9694-4E2F-9FF3-945722E32FD2}"
EndProject
Project("{2150E333-8FDC-42A3-9474-1A3956D46DE8}") = "01 Lib", "01 Lib", "{4874823C-2D3E-4735-A17C-3837D1D13D9B}"
EndProject
Project("{2150E333-8FDC-42A3-9474-1A3956D46DE8}") = "02 Framework", "02 Framework", "{B3E1DB69-16EF-4D90-ADCA-28A71F5B24F3}"
EndProject
Project("{2150E333-8FDC-42A3-9474-1A3956D46DE8}") = "Main Web", "Main Web", "{9C56970E-5FCC-4098-A8A2-25585E322913}"
EndProject
Project("{2150E333-8FDC-42A3-9474-1A3956D46DE8}") = "03 Business", "03 Business", "{D370DFFF-5776-4C4F-B11F-BC8BAAAFF781}"
EndProject
Project("{9A19103F-16F7-4668-BE54-9A1E7A4F7556}") = "HIS.BaseAPI", "HIS.BaseAPI\HIS.BaseAPI.csproj", "{2DAE469D-1A60-4C17-AB46-E8676A97414F}"
EndProject
Project("{9A19103F-16F7-4668-BE54-9A1E7A4F7556}") = "NewtouchHIS.Base.Domain", "..\Newtouch.HIS.WebAPI.Manage\NewtouchHIS.Base.Domain\NewtouchHIS.Base.Domain.csproj", "{7A9470E5-CD3D-4F17-818B-9CE4B574A7F9}"
EndProject
Project("{9A19103F-16F7-4668-BE54-9A1E7A4F7556}") = "NewtouchHIS.Base.DomainService", "..\Newtouch.HIS.WebAPI.Manage\NewtouchHIS.Base.DomainService\NewtouchHIS.Base.DomainService.csproj", "{898023D8-412A-43A0-96DF-AFCFA15D19B7}"
EndProject
Project("{9A19103F-16F7-4668-BE54-9A1E7A4F7556}") = "NewtouchHIS.Base.Repository", "..\Newtouch.HIS.WebAPI.Manage\NewtouchHIS.Base.Repository\NewtouchHIS.Base.Repository.csproj", "{FDA3345F-41DA-4408-B38D-5E9861B56387}"
EndProject
Project("{9A19103F-16F7-4668-BE54-9A1E7A4F7556}") = "NewtouchHIS.Framework.Web", "NewtouchHIS.Framework.Web\NewtouchHIS.Framework.Web.csproj", "{C03969AF-09C1-468B-B8A8-1D4610F4828F}"
EndProject
Project("{9A19103F-16F7-4668-BE54-9A1E7A4F7556}") = "NewtouchHIS.Lib.Framework", "NewtouchHIS.Lib.Framework\NewtouchHIS.Lib.Framework.csproj", "{D312EF17-012F-44A8-9C92-ACBEA1F029FD}"
EndProject
Global
	GlobalSection(SolutionConfigurationPlatforms) = preSolution
		Debug|Any CPU = Debug|Any CPU
		Release|Any CPU = Release|Any CPU
	EndGlobalSection
	GlobalSection(ProjectConfigurationPlatforms) = postSolution
		{E71AE7EA-3BB3-4890-A227-67E71C9E64B1}.Debug|Any CPU.ActiveCfg = Debug|Any CPU
		{E71AE7EA-3BB3-4890-A227-67E71C9E64B1}.Debug|Any CPU.Build.0 = Debug|Any CPU
		{E71AE7EA-3BB3-4890-A227-67E71C9E64B1}.Release|Any CPU.ActiveCfg = Release|Any CPU
		{E71AE7EA-3BB3-4890-A227-67E71C9E64B1}.Release|Any CPU.Build.0 = Release|Any CPU
		{E5F8945B-B18A-4314-A1E7-DC8FC5DF0F33}.Debug|Any CPU.ActiveCfg = Debug|Any CPU
		{E5F8945B-B18A-4314-A1E7-DC8FC5DF0F33}.Debug|Any CPU.Build.0 = Debug|Any CPU
		{E5F8945B-B18A-4314-A1E7-DC8FC5DF0F33}.Release|Any CPU.ActiveCfg = Release|Any CPU
		{E5F8945B-B18A-4314-A1E7-DC8FC5DF0F33}.Release|Any CPU.Build.0 = Release|Any CPU
		{3C49F1F2-9694-4E2F-9FF3-945722E32FD2}.Debug|Any CPU.ActiveCfg = Debug|Any CPU
		{3C49F1F2-9694-4E2F-9FF3-945722E32FD2}.Debug|Any CPU.Build.0 = Debug|Any CPU
		{3C49F1F2-9694-4E2F-9FF3-945722E32FD2}.Release|Any CPU.ActiveCfg = Release|Any CPU
		{3C49F1F2-9694-4E2F-9FF3-945722E32FD2}.Release|Any CPU.Build.0 = Release|Any CPU
		{2DAE469D-1A60-4C17-AB46-E8676A97414F}.Debug|Any CPU.ActiveCfg = Debug|Any CPU
		{2DAE469D-1A60-4C17-AB46-E8676A97414F}.Debug|Any CPU.Build.0 = Debug|Any CPU
		{2DAE469D-1A60-4C17-AB46-E8676A97414F}.Release|Any CPU.ActiveCfg = Release|Any CPU
		{2DAE469D-1A60-4C17-AB46-E8676A97414F}.Release|Any CPU.Build.0 = Release|Any CPU
		{7A9470E5-CD3D-4F17-818B-9CE4B574A7F9}.Debug|Any CPU.ActiveCfg = Debug|Any CPU
		{7A9470E5-CD3D-4F17-818B-9CE4B574A7F9}.Debug|Any CPU.Build.0 = Debug|Any CPU
		{7A9470E5-CD3D-4F17-818B-9CE4B574A7F9}.Release|Any CPU.ActiveCfg = Release|Any CPU
		{7A9470E5-CD3D-4F17-818B-9CE4B574A7F9}.Release|Any CPU.Build.0 = Release|Any CPU
		{898023D8-412A-43A0-96DF-AFCFA15D19B7}.Debug|Any CPU.ActiveCfg = Debug|Any CPU
		{898023D8-412A-43A0-96DF-AFCFA15D19B7}.Debug|Any CPU.Build.0 = Debug|Any CPU
		{898023D8-412A-43A0-96DF-AFCFA15D19B7}.Release|Any CPU.ActiveCfg = Release|Any CPU
		{898023D8-412A-43A0-96DF-AFCFA15D19B7}.Release|Any CPU.Build.0 = Release|Any CPU
		{FDA3345F-41DA-4408-B38D-5E9861B56387}.Debug|Any CPU.ActiveCfg = Debug|Any CPU
		{FDA3345F-41DA-4408-B38D-5E9861B56387}.Debug|Any CPU.Build.0 = Debug|Any CPU
		{FDA3345F-41DA-4408-B38D-5E9861B56387}.Release|Any CPU.ActiveCfg = Release|Any CPU
		{FDA3345F-41DA-4408-B38D-5E9861B56387}.Release|Any CPU.Build.0 = Release|Any CPU
		{C03969AF-09C1-468B-B8A8-1D4610F4828F}.Debug|Any CPU.ActiveCfg = Debug|Any CPU
		{C03969AF-09C1-468B-B8A8-1D4610F4828F}.Debug|Any CPU.Build.0 = Debug|Any CPU
		{C03969AF-09C1-468B-B8A8-1D4610F4828F}.Release|Any CPU.ActiveCfg = Release|Any CPU
		{C03969AF-09C1-468B-B8A8-1D4610F4828F}.Release|Any CPU.Build.0 = Release|Any CPU
		{D312EF17-012F-44A8-9C92-ACBEA1F029FD}.Debug|Any CPU.ActiveCfg = Debug|Any CPU
		{D312EF17-012F-44A8-9C92-ACBEA1F029FD}.Debug|Any CPU.Build.0 = Debug|Any CPU
		{D312EF17-012F-44A8-9C92-ACBEA1F029FD}.Release|Any CPU.ActiveCfg = Release|Any CPU
		{D312EF17-012F-44A8-9C92-ACBEA1F029FD}.Release|Any CPU.Build.0 = Release|Any CPU
	EndGlobalSection
	GlobalSection(SolutionProperties) = preSolution
		HideSolutionNode = FALSE
	EndGlobalSection
	GlobalSection(NestedProjects) = preSolution
		{E71AE7EA-3BB3-4890-A227-67E71C9E64B1} = {9C56970E-5FCC-4098-A8A2-25585E322913}
		{E5F8945B-B18A-4314-A1E7-DC8FC5DF0F33} = {D370DFFF-5776-4C4F-B11F-BC8BAAAFF781}
		{3C49F1F2-9694-4E2F-9FF3-945722E32FD2} = {D370DFFF-5776-4C4F-B11F-BC8BAAAFF781}
		{2DAE469D-1A60-4C17-AB46-E8676A97414F} = {9C56970E-5FCC-4098-A8A2-25585E322913}
		{7A9470E5-CD3D-4F17-818B-9CE4B574A7F9} = {D370DFFF-5776-4C4F-B11F-BC8BAAAFF781}
		{898023D8-412A-43A0-96DF-AFCFA15D19B7} = {D370DFFF-5776-4C4F-B11F-BC8BAAAFF781}
		{FDA3345F-41DA-4408-B38D-5E9861B56387} = {D370DFFF-5776-4C4F-B11F-BC8BAAAFF781}
		{C03969AF-09C1-468B-B8A8-1D4610F4828F} = {B3E1DB69-16EF-4D90-ADCA-28A71F5B24F3}
		{D312EF17-012F-44A8-9C92-ACBEA1F029FD} = {B3E1DB69-16EF-4D90-ADCA-28A71F5B24F3}
	EndGlobalSection
	GlobalSection(ExtensibilityGlobals) = postSolution
		SolutionGuid = {5AFD73E6-494C-44A4-985D-8BA2073C5D06}
	EndGlobalSection
EndGlobal
