
Microsoft Visual Studio Solution File, Format Version 12.00
# Visual Studio Version 17
VisualStudioVersion = 17.6.33829.357
MinimumVisualStudioVersion = 10.0.40219.1
Project("{9A19103F-16F7-4668-BE54-9A1E7A4F7556}") = "NewtouchHIS.Lib.Redis", "NewtouchHIS.Lib.Redis\NewtouchHIS.Lib.Redis.csproj", "{535DA8C3-8C8C-4919-AB91-FD78AEA32BFA}"
EndProject
Project("{9A19103F-16F7-4668-BE54-9A1E7A4F7556}") = "NewtouchHIS.Lib.DataBaseSvr", "NewtouchHIS.Lib.DataBaseSvr\NewtouchHIS.Lib.DataBaseSvr.csproj", "{4A6F7C80-8B74-48D8-8317-2CC202923EE6}"
EndProject
Project("{9A19103F-16F7-4668-BE54-9A1E7A4F7556}") = "NewtouchHIS.Lib.Base", "NewtouchHIS.Lib.Base\NewtouchHIS.Lib.Base.csproj", "{77E63C76-A15B-4E0E-9141-197077B68378}"
EndProject
Project("{9A19103F-16F7-4668-BE54-9A1E7A4F7556}") = "NewtouchHIS.Lib.Services", "NewtouchHIS.Lib.Services\NewtouchHIS.Lib.Services.csproj", "{5AAEA3AD-C96E-4327-9D9A-B38F89AB623A}"
EndProject
Project("{9A19103F-16F7-4668-BE54-9A1E7A4F7556}") = "NewtouchHIS.Lib.Common", "NewtouchHIS.Lib.Common\NewtouchHIS.Lib.Common.csproj", "{E6E4A6BA-AB17-4628-85CB-EF3FA7733C65}"
EndProject
Project("{2150E333-8FDC-42A3-9474-1A3956D46DE8}") = "Lib", "Lib", "{FB1B959D-9546-472A-BF71-946C6CF4966B}"
EndProject
Project("{2150E333-8FDC-42A3-9474-1A3956D46DE8}") = "DRG", "DRG", "{0DAFB7EE-11BB-47C0-8E27-5A59FB14EDF8}"
EndProject
Project("{9A19103F-16F7-4668-BE54-9A1E7A4F7556}") = "NewtouchHIS.DrgGroup.wuhan_2022", "NewtouchHIS.DrgGroup.wuhan_2022\NewtouchHIS.DrgGroup.wuhan_2022.csproj", "{F34B08D6-1886-4299-873E-64322B2819FA}"
EndProject
Project("{9A19103F-16F7-4668-BE54-9A1E7A4F7556}") = "NewtouchHIS.DrgGroup.chs_drg_11", "NewtouchHIS.DrgGroup.chs_drg_11\NewtouchHIS.DrgGroup.chs_drg_11.csproj", "{F92D3B54-BA56-463D-AEBC-58C332FD2D3A}"
EndProject
Project("{9A19103F-16F7-4668-BE54-9A1E7A4F7556}") = "NewtouchHIS.DrgGroup.chs_drg_10", "NewtouchHIS.DrgGroup.chs_drg_10\NewtouchHIS.DrgGroup.chs_drg_10.csproj", "{910366C8-0271-4EF7-983A-818CA1F3CCA0}"
EndProject
Project("{9A19103F-16F7-4668-BE54-9A1E7A4F7556}") = "NewtouchHIS.Base.Repository", "..\Newtouch.HIS.WebAPI.Manage\NewtouchHIS.Base.Repository\NewtouchHIS.Base.Repository.csproj", "{51A446B7-4C57-490D-BC2B-064CA26C726A}"
EndProject
Project("{2150E333-8FDC-42A3-9474-1A3956D46DE8}") = "Base", "Base", "{FB3C4AC5-6F31-4DE8-A947-28DC97C5C914}"
EndProject
Project("{2150E333-8FDC-42A3-9474-1A3956D46DE8}") = "Test", "Test", "{D9341E8D-4B42-489F-8AF2-F0B56CCD46D3}"
EndProject
Project("{9A19103F-16F7-4668-BE54-9A1E7A4F7556}") = "NewtouchHIS.Test", "NewtouchHIS.Test\NewtouchHIS.Test.csproj", "{4D197A5C-2FE0-43BE-B167-D3E93504CE46}"
EndProject
Global
	GlobalSection(SolutionConfigurationPlatforms) = preSolution
		Debug|Any CPU = Debug|Any CPU
		Release|Any CPU = Release|Any CPU
	EndGlobalSection
	GlobalSection(ProjectConfigurationPlatforms) = postSolution
		{535DA8C3-8C8C-4919-AB91-FD78AEA32BFA}.Debug|Any CPU.ActiveCfg = Debug|Any CPU
		{535DA8C3-8C8C-4919-AB91-FD78AEA32BFA}.Debug|Any CPU.Build.0 = Debug|Any CPU
		{535DA8C3-8C8C-4919-AB91-FD78AEA32BFA}.Release|Any CPU.ActiveCfg = Release|Any CPU
		{535DA8C3-8C8C-4919-AB91-FD78AEA32BFA}.Release|Any CPU.Build.0 = Release|Any CPU
		{4A6F7C80-8B74-48D8-8317-2CC202923EE6}.Debug|Any CPU.ActiveCfg = Debug|Any CPU
		{4A6F7C80-8B74-48D8-8317-2CC202923EE6}.Debug|Any CPU.Build.0 = Debug|Any CPU
		{4A6F7C80-8B74-48D8-8317-2CC202923EE6}.Release|Any CPU.ActiveCfg = Release|Any CPU
		{4A6F7C80-8B74-48D8-8317-2CC202923EE6}.Release|Any CPU.Build.0 = Release|Any CPU
		{77E63C76-A15B-4E0E-9141-197077B68378}.Debug|Any CPU.ActiveCfg = Debug|Any CPU
		{77E63C76-A15B-4E0E-9141-197077B68378}.Debug|Any CPU.Build.0 = Debug|Any CPU
		{77E63C76-A15B-4E0E-9141-197077B68378}.Release|Any CPU.ActiveCfg = Release|Any CPU
		{77E63C76-A15B-4E0E-9141-197077B68378}.Release|Any CPU.Build.0 = Release|Any CPU
		{5AAEA3AD-C96E-4327-9D9A-B38F89AB623A}.Debug|Any CPU.ActiveCfg = Debug|Any CPU
		{5AAEA3AD-C96E-4327-9D9A-B38F89AB623A}.Debug|Any CPU.Build.0 = Debug|Any CPU
		{5AAEA3AD-C96E-4327-9D9A-B38F89AB623A}.Release|Any CPU.ActiveCfg = Release|Any CPU
		{5AAEA3AD-C96E-4327-9D9A-B38F89AB623A}.Release|Any CPU.Build.0 = Release|Any CPU
		{E6E4A6BA-AB17-4628-85CB-EF3FA7733C65}.Debug|Any CPU.ActiveCfg = Debug|Any CPU
		{E6E4A6BA-AB17-4628-85CB-EF3FA7733C65}.Debug|Any CPU.Build.0 = Debug|Any CPU
		{E6E4A6BA-AB17-4628-85CB-EF3FA7733C65}.Release|Any CPU.ActiveCfg = Release|Any CPU
		{E6E4A6BA-AB17-4628-85CB-EF3FA7733C65}.Release|Any CPU.Build.0 = Release|Any CPU
		{F34B08D6-1886-4299-873E-64322B2819FA}.Debug|Any CPU.ActiveCfg = Debug|Any CPU
		{F34B08D6-1886-4299-873E-64322B2819FA}.Debug|Any CPU.Build.0 = Debug|Any CPU
		{F34B08D6-1886-4299-873E-64322B2819FA}.Release|Any CPU.ActiveCfg = Release|Any CPU
		{F34B08D6-1886-4299-873E-64322B2819FA}.Release|Any CPU.Build.0 = Release|Any CPU
		{F92D3B54-BA56-463D-AEBC-58C332FD2D3A}.Debug|Any CPU.ActiveCfg = Debug|Any CPU
		{F92D3B54-BA56-463D-AEBC-58C332FD2D3A}.Debug|Any CPU.Build.0 = Debug|Any CPU
		{F92D3B54-BA56-463D-AEBC-58C332FD2D3A}.Release|Any CPU.ActiveCfg = Release|Any CPU
		{F92D3B54-BA56-463D-AEBC-58C332FD2D3A}.Release|Any CPU.Build.0 = Release|Any CPU
		{910366C8-0271-4EF7-983A-818CA1F3CCA0}.Debug|Any CPU.ActiveCfg = Debug|Any CPU
		{910366C8-0271-4EF7-983A-818CA1F3CCA0}.Debug|Any CPU.Build.0 = Debug|Any CPU
		{910366C8-0271-4EF7-983A-818CA1F3CCA0}.Release|Any CPU.ActiveCfg = Release|Any CPU
		{910366C8-0271-4EF7-983A-818CA1F3CCA0}.Release|Any CPU.Build.0 = Release|Any CPU
		{51A446B7-4C57-490D-BC2B-064CA26C726A}.Debug|Any CPU.ActiveCfg = Debug|Any CPU
		{51A446B7-4C57-490D-BC2B-064CA26C726A}.Debug|Any CPU.Build.0 = Debug|Any CPU
		{51A446B7-4C57-490D-BC2B-064CA26C726A}.Release|Any CPU.ActiveCfg = Release|Any CPU
		{51A446B7-4C57-490D-BC2B-064CA26C726A}.Release|Any CPU.Build.0 = Release|Any CPU
		{4D197A5C-2FE0-43BE-B167-D3E93504CE46}.Debug|Any CPU.ActiveCfg = Debug|Any CPU
		{4D197A5C-2FE0-43BE-B167-D3E93504CE46}.Debug|Any CPU.Build.0 = Debug|Any CPU
		{4D197A5C-2FE0-43BE-B167-D3E93504CE46}.Release|Any CPU.ActiveCfg = Release|Any CPU
		{4D197A5C-2FE0-43BE-B167-D3E93504CE46}.Release|Any CPU.Build.0 = Release|Any CPU
	EndGlobalSection
	GlobalSection(SolutionProperties) = preSolution
		HideSolutionNode = FALSE
	EndGlobalSection
	GlobalSection(NestedProjects) = preSolution
		{535DA8C3-8C8C-4919-AB91-FD78AEA32BFA} = {FB1B959D-9546-472A-BF71-946C6CF4966B}
		{4A6F7C80-8B74-48D8-8317-2CC202923EE6} = {FB1B959D-9546-472A-BF71-946C6CF4966B}
		{77E63C76-A15B-4E0E-9141-197077B68378} = {FB1B959D-9546-472A-BF71-946C6CF4966B}
		{5AAEA3AD-C96E-4327-9D9A-B38F89AB623A} = {FB1B959D-9546-472A-BF71-946C6CF4966B}
		{E6E4A6BA-AB17-4628-85CB-EF3FA7733C65} = {FB1B959D-9546-472A-BF71-946C6CF4966B}
		{F34B08D6-1886-4299-873E-64322B2819FA} = {0DAFB7EE-11BB-47C0-8E27-5A59FB14EDF8}
		{F92D3B54-BA56-463D-AEBC-58C332FD2D3A} = {0DAFB7EE-11BB-47C0-8E27-5A59FB14EDF8}
		{910366C8-0271-4EF7-983A-818CA1F3CCA0} = {0DAFB7EE-11BB-47C0-8E27-5A59FB14EDF8}
		{51A446B7-4C57-490D-BC2B-064CA26C726A} = {FB3C4AC5-6F31-4DE8-A947-28DC97C5C914}
		{4D197A5C-2FE0-43BE-B167-D3E93504CE46} = {D9341E8D-4B42-489F-8AF2-F0B56CCD46D3}
	EndGlobalSection
	GlobalSection(ExtensibilityGlobals) = postSolution
		SolutionGuid = {7E1579CD-F91C-4EFC-B3EE-9EF0D2CFD8E6}
	EndGlobalSection
EndGlobal
