
Microsoft Visual Studio Solution File, Format Version 12.00
# Visual Studio Version 17
VisualStudioVersion = 17.6.33829.357
MinimumVisualStudioVersion = 10.0.40219.1
Project("{9A19103F-16F7-4668-BE54-9A1E7A4F7556}") = "NewtouchHIS.HangFire.UI", "NewtouchHIS.HangFire.UI\NewtouchHIS.HangFire.UI.csproj", "{988F980E-109B-4E6C-8211-C57936699606}"
EndProject
Project("{9A19103F-16F7-4668-BE54-9A1E7A4F7556}") = "NewtouchHIS.HangFire.Core", "NewtouchHIS.HangFire.Core\NewtouchHIS.HangFire.Core.csproj", "{B46770D8-8C00-4D49-B4F8-28AAFF53F4DB}"
EndProject
Global
	GlobalSection(SolutionConfigurationPlatforms) = preSolution
		Debug|Any CPU = Debug|Any CPU
		Release|Any CPU = Release|Any CPU
	EndGlobalSection
	GlobalSection(ProjectConfigurationPlatforms) = postSolution
		{988F980E-109B-4E6C-8211-C57936699606}.Debug|Any CPU.ActiveCfg = Debug|Any CPU
		{988F980E-109B-4E6C-8211-C57936699606}.Debug|Any CPU.Build.0 = Debug|Any CPU
		{988F980E-109B-4E6C-8211-C57936699606}.Release|Any CPU.ActiveCfg = Release|Any CPU
		{988F980E-109B-4E6C-8211-C57936699606}.Release|Any CPU.Build.0 = Release|Any CPU
		{B46770D8-8C00-4D49-B4F8-28AAFF53F4DB}.Debug|Any CPU.ActiveCfg = Debug|Any CPU
		{B46770D8-8C00-4D49-B4F8-28AAFF53F4DB}.Debug|Any CPU.Build.0 = Debug|Any CPU
		{B46770D8-8C00-4D49-B4F8-28AAFF53F4DB}.Release|Any CPU.ActiveCfg = Release|Any CPU
		{B46770D8-8C00-4D49-B4F8-28AAFF53F4DB}.Release|Any CPU.Build.0 = Release|Any CPU
	EndGlobalSection
	GlobalSection(SolutionProperties) = preSolution
		HideSolutionNode = FALSE
	EndGlobalSection
	GlobalSection(ExtensibilityGlobals) = postSolution
		SolutionGuid = {1FF9AF79-E56C-4EB9-8DA2-CD18D37E72BF}
	EndGlobalSection
EndGlobal
