
Microsoft Visual Studio Solution File, Format Version 12.00
# Visual Studio 15
VisualStudioVersion = 15.0.28307.168
MinimumVisualStudioVersion = 10.0.40219.1
Project("{2150E333-8FDC-42A3-9474-1A3956D46DE8}") = "01 Common 基础结构层", "01 Common 基础结构层", "{738D738F-2946-4DF5-BDA3-F9E0DBE53674}"
EndProject
Project("{FAE04EC0-301F-11D3-BF4B-00C04F79EFBC}") = "Newtouch.Infrastructure", "Newtouch.Infrastructure\Newtouch.Infrastructure.csproj", "{F6432F41-A7DF-4536-8171-9B620D3C24F1}"
EndProject
Project("{2150E333-8FDC-42A3-9474-1A3956D46DE8}") = "02 Domain 服务", "02 Domain 服务", "{002F7068-8D76-4F72-931B-DDF8E6269FE2}"
EndProject
Project("{FAE04EC0-301F-11D3-BF4B-00C04F79EFBC}") = "Newtouch.HIS.Application", "Newtouch.HIS.Application\Newtouch.HIS.Application.csproj", "{1B351E9A-E65B-43FA-BAF3-F7F99947553F}"
EndProject
Project("{FAE04EC0-301F-11D3-BF4B-00C04F79EFBC}") = "Newtouch.HIS.Domain", "Newtouch.HIS.Domain\Newtouch.HIS.Domain.csproj", "{5A95A82A-1B2F-4E0E-B94F-0DBE638F93DF}"
EndProject
Project("{FAE04EC0-301F-11D3-BF4B-00C04F79EFBC}") = "Newtouch.HIS.DomainServices", "Newtouch.HIS.DomainServices\Newtouch.HIS.DomainServices.csproj", "{E508478F-3C0C-456F-BA2A-E73D5E51E439}"
EndProject
Project("{FAE04EC0-301F-11D3-BF4B-00C04F79EFBC}") = "Newtouch.HIS.Repository", "Newtouch.HIS.Repository\Newtouch.HIS.Repository.csproj", "{7EED4609-91FD-4BA5-8B2C-38C943168673}"
EndProject
Project("{2150E333-8FDC-42A3-9474-1A3956D46DE8}") = "04 Web 应用程序", "04 Web 应用程序", "{86B8D658-1D21-47AB-A9B9-658622FB1A58}"
EndProject
Project("{FAE04EC0-301F-11D3-BF4B-00C04F79EFBC}") = "Newtouch.HIS.PDS.Web", "Newtouch.HIS.Web\Newtouch.HIS.PDS.Web.csproj", "{573B0DBD-D631-4336-9F7B-58A2A9A0C911}"
EndProject
Project("{2150E333-8FDC-42A3-9474-1A3956D46DE8}") = "03 应用层", "03 应用层", "{A45298AB-8303-42AE-B95F-468F5AC7ECA9}"
EndProject
Project("{2150E333-8FDC-42A3-9474-1A3956D46DE8}") = "05 Api", "05 Api", "{283CC4B1-75EE-4861-BD81-35B894629825}"
EndProject
Project("{2150E333-8FDC-42A3-9474-1A3956D46DE8}") = "06 Tests", "06 Tests", "{72768C33-7EF7-4F24-82A5-66688CE5A9A8}"
EndProject
Project("{FAE04EC0-301F-11D3-BF4B-00C04F79EFBC}") = "Newtouch.PDS.API", "Newtouch.PDS.API\Newtouch.PDS.API.csproj", "{5F4D11F6-BCE1-4D4E-A0FD-CFCB5C3EF354}"
EndProject
Project("{FAE04EC0-301F-11D3-BF4B-00C04F79EFBC}") = "Newtouch.PDS.API.Tests", "Newtouch.PDS.API.Tests\Newtouch.PDS.API.Tests.csproj", "{448B7152-AE78-456E-B4D1-74664A64700E}"
EndProject
Project("{FAE04EC0-301F-11D3-BF4B-00C04F79EFBC}") = "Newtouch.PDS.Requset", "Newtouch.PDS.Requset\Newtouch.PDS.Requset.csproj", "{0A74FF71-617E-4B90-B9AA-55C54342DB32}"
EndProject
Project("{FAE04EC0-301F-11D3-BF4B-00C04F79EFBC}") = "ConsoleApp", "ConsoleApp\ConsoleApp.csproj", "{0B721ABD-4713-4DB6-9F9B-0BF3BFF68C17}"
EndProject
Project("{2150E333-8FDC-42A3-9474-1A3956D46DE8}") = "07 Bill", "07 Bill", "{C7904299-4A0B-4A8C-A7FE-B1B83B1A724D}"
EndProject
Global
	GlobalSection(SolutionConfigurationPlatforms) = preSolution
		Debug|Any CPU = Debug|Any CPU
		DebugLocal|Any CPU = DebugLocal|Any CPU
		Release|Any CPU = Release|Any CPU
	EndGlobalSection
	GlobalSection(ProjectConfigurationPlatforms) = postSolution
		{F6432F41-A7DF-4536-8171-9B620D3C24F1}.Debug|Any CPU.ActiveCfg = Debug|Any CPU
		{F6432F41-A7DF-4536-8171-9B620D3C24F1}.Debug|Any CPU.Build.0 = Debug|Any CPU
		{F6432F41-A7DF-4536-8171-9B620D3C24F1}.DebugLocal|Any CPU.ActiveCfg = Debug|Any CPU
		{F6432F41-A7DF-4536-8171-9B620D3C24F1}.DebugLocal|Any CPU.Build.0 = Debug|Any CPU
		{F6432F41-A7DF-4536-8171-9B620D3C24F1}.Release|Any CPU.ActiveCfg = Release|Any CPU
		{F6432F41-A7DF-4536-8171-9B620D3C24F1}.Release|Any CPU.Build.0 = Release|Any CPU
		{1B351E9A-E65B-43FA-BAF3-F7F99947553F}.Debug|Any CPU.ActiveCfg = Debug|Any CPU
		{1B351E9A-E65B-43FA-BAF3-F7F99947553F}.Debug|Any CPU.Build.0 = Debug|Any CPU
		{1B351E9A-E65B-43FA-BAF3-F7F99947553F}.DebugLocal|Any CPU.ActiveCfg = Debug|Any CPU
		{1B351E9A-E65B-43FA-BAF3-F7F99947553F}.DebugLocal|Any CPU.Build.0 = Debug|Any CPU
		{1B351E9A-E65B-43FA-BAF3-F7F99947553F}.Release|Any CPU.ActiveCfg = Release|Any CPU
		{1B351E9A-E65B-43FA-BAF3-F7F99947553F}.Release|Any CPU.Build.0 = Release|Any CPU
		{5A95A82A-1B2F-4E0E-B94F-0DBE638F93DF}.Debug|Any CPU.ActiveCfg = Debug|Any CPU
		{5A95A82A-1B2F-4E0E-B94F-0DBE638F93DF}.Debug|Any CPU.Build.0 = Debug|Any CPU
		{5A95A82A-1B2F-4E0E-B94F-0DBE638F93DF}.DebugLocal|Any CPU.ActiveCfg = Debug|Any CPU
		{5A95A82A-1B2F-4E0E-B94F-0DBE638F93DF}.DebugLocal|Any CPU.Build.0 = Debug|Any CPU
		{5A95A82A-1B2F-4E0E-B94F-0DBE638F93DF}.Release|Any CPU.ActiveCfg = Release|Any CPU
		{5A95A82A-1B2F-4E0E-B94F-0DBE638F93DF}.Release|Any CPU.Build.0 = Release|Any CPU
		{E508478F-3C0C-456F-BA2A-E73D5E51E439}.Debug|Any CPU.ActiveCfg = Debug|Any CPU
		{E508478F-3C0C-456F-BA2A-E73D5E51E439}.Debug|Any CPU.Build.0 = Debug|Any CPU
		{E508478F-3C0C-456F-BA2A-E73D5E51E439}.DebugLocal|Any CPU.ActiveCfg = Debug|Any CPU
		{E508478F-3C0C-456F-BA2A-E73D5E51E439}.DebugLocal|Any CPU.Build.0 = Debug|Any CPU
		{E508478F-3C0C-456F-BA2A-E73D5E51E439}.Release|Any CPU.ActiveCfg = Release|Any CPU
		{E508478F-3C0C-456F-BA2A-E73D5E51E439}.Release|Any CPU.Build.0 = Release|Any CPU
		{7EED4609-91FD-4BA5-8B2C-38C943168673}.Debug|Any CPU.ActiveCfg = Debug|Any CPU
		{7EED4609-91FD-4BA5-8B2C-38C943168673}.Debug|Any CPU.Build.0 = Debug|Any CPU
		{7EED4609-91FD-4BA5-8B2C-38C943168673}.DebugLocal|Any CPU.ActiveCfg = Debug|Any CPU
		{7EED4609-91FD-4BA5-8B2C-38C943168673}.DebugLocal|Any CPU.Build.0 = Debug|Any CPU
		{7EED4609-91FD-4BA5-8B2C-38C943168673}.Release|Any CPU.ActiveCfg = Release|Any CPU
		{7EED4609-91FD-4BA5-8B2C-38C943168673}.Release|Any CPU.Build.0 = Release|Any CPU
		{573B0DBD-D631-4336-9F7B-58A2A9A0C911}.Debug|Any CPU.ActiveCfg = Debug|Any CPU
		{573B0DBD-D631-4336-9F7B-58A2A9A0C911}.Debug|Any CPU.Build.0 = Debug|Any CPU
		{573B0DBD-D631-4336-9F7B-58A2A9A0C911}.DebugLocal|Any CPU.ActiveCfg = Debug|Any CPU
		{573B0DBD-D631-4336-9F7B-58A2A9A0C911}.DebugLocal|Any CPU.Build.0 = Debug|Any CPU
		{573B0DBD-D631-4336-9F7B-58A2A9A0C911}.Release|Any CPU.ActiveCfg = Release|Any CPU
		{573B0DBD-D631-4336-9F7B-58A2A9A0C911}.Release|Any CPU.Build.0 = Release|Any CPU
		{5F4D11F6-BCE1-4D4E-A0FD-CFCB5C3EF354}.Debug|Any CPU.ActiveCfg = Debug|Any CPU
		{5F4D11F6-BCE1-4D4E-A0FD-CFCB5C3EF354}.Debug|Any CPU.Build.0 = Debug|Any CPU
		{5F4D11F6-BCE1-4D4E-A0FD-CFCB5C3EF354}.DebugLocal|Any CPU.ActiveCfg = Debug|Any CPU
		{5F4D11F6-BCE1-4D4E-A0FD-CFCB5C3EF354}.DebugLocal|Any CPU.Build.0 = Debug|Any CPU
		{5F4D11F6-BCE1-4D4E-A0FD-CFCB5C3EF354}.Release|Any CPU.ActiveCfg = Release|Any CPU
		{5F4D11F6-BCE1-4D4E-A0FD-CFCB5C3EF354}.Release|Any CPU.Build.0 = Release|Any CPU
		{448B7152-AE78-456E-B4D1-74664A64700E}.Debug|Any CPU.ActiveCfg = Debug|Any CPU
		{448B7152-AE78-456E-B4D1-74664A64700E}.Debug|Any CPU.Build.0 = Debug|Any CPU
		{448B7152-AE78-456E-B4D1-74664A64700E}.DebugLocal|Any CPU.ActiveCfg = Debug|Any CPU
		{448B7152-AE78-456E-B4D1-74664A64700E}.DebugLocal|Any CPU.Build.0 = Debug|Any CPU
		{448B7152-AE78-456E-B4D1-74664A64700E}.Release|Any CPU.ActiveCfg = Release|Any CPU
		{448B7152-AE78-456E-B4D1-74664A64700E}.Release|Any CPU.Build.0 = Release|Any CPU
		{0A74FF71-617E-4B90-B9AA-55C54342DB32}.Debug|Any CPU.ActiveCfg = Debug|Any CPU
		{0A74FF71-617E-4B90-B9AA-55C54342DB32}.Debug|Any CPU.Build.0 = Debug|Any CPU
		{0A74FF71-617E-4B90-B9AA-55C54342DB32}.DebugLocal|Any CPU.ActiveCfg = Debug|Any CPU
		{0A74FF71-617E-4B90-B9AA-55C54342DB32}.DebugLocal|Any CPU.Build.0 = Debug|Any CPU
		{0A74FF71-617E-4B90-B9AA-55C54342DB32}.Release|Any CPU.ActiveCfg = Release|Any CPU
		{0A74FF71-617E-4B90-B9AA-55C54342DB32}.Release|Any CPU.Build.0 = Release|Any CPU
		{0B721ABD-4713-4DB6-9F9B-0BF3BFF68C17}.Debug|Any CPU.ActiveCfg = Debug|Any CPU
		{0B721ABD-4713-4DB6-9F9B-0BF3BFF68C17}.Debug|Any CPU.Build.0 = Debug|Any CPU
		{0B721ABD-4713-4DB6-9F9B-0BF3BFF68C17}.DebugLocal|Any CPU.ActiveCfg = Debug|Any CPU
		{0B721ABD-4713-4DB6-9F9B-0BF3BFF68C17}.DebugLocal|Any CPU.Build.0 = Debug|Any CPU
		{0B721ABD-4713-4DB6-9F9B-0BF3BFF68C17}.Release|Any CPU.ActiveCfg = Release|Any CPU
		{0B721ABD-4713-4DB6-9F9B-0BF3BFF68C17}.Release|Any CPU.Build.0 = Release|Any CPU
	EndGlobalSection
	GlobalSection(SolutionProperties) = preSolution
		HideSolutionNode = FALSE
	EndGlobalSection
	GlobalSection(NestedProjects) = preSolution
		{F6432F41-A7DF-4536-8171-9B620D3C24F1} = {738D738F-2946-4DF5-BDA3-F9E0DBE53674}
		{1B351E9A-E65B-43FA-BAF3-F7F99947553F} = {A45298AB-8303-42AE-B95F-468F5AC7ECA9}
		{5A95A82A-1B2F-4E0E-B94F-0DBE638F93DF} = {002F7068-8D76-4F72-931B-DDF8E6269FE2}
		{E508478F-3C0C-456F-BA2A-E73D5E51E439} = {002F7068-8D76-4F72-931B-DDF8E6269FE2}
		{7EED4609-91FD-4BA5-8B2C-38C943168673} = {002F7068-8D76-4F72-931B-DDF8E6269FE2}
		{573B0DBD-D631-4336-9F7B-58A2A9A0C911} = {86B8D658-1D21-47AB-A9B9-658622FB1A58}
		{5F4D11F6-BCE1-4D4E-A0FD-CFCB5C3EF354} = {283CC4B1-75EE-4861-BD81-35B894629825}
		{448B7152-AE78-456E-B4D1-74664A64700E} = {72768C33-7EF7-4F24-82A5-66688CE5A9A8}
		{0A74FF71-617E-4B90-B9AA-55C54342DB32} = {283CC4B1-75EE-4861-BD81-35B894629825}
		{0B721ABD-4713-4DB6-9F9B-0BF3BFF68C17} = {72768C33-7EF7-4F24-82A5-66688CE5A9A8}
	EndGlobalSection
	GlobalSection(ExtensibilityGlobals) = postSolution
		SolutionGuid = {7863F41A-9E86-4FA9-A6F3-8AC93C1A144F}
	EndGlobalSection
EndGlobal
