
Microsoft Visual Studio Solution File, Format Version 12.00
# Visual Studio Version 17
VisualStudioVersion = 17.10.35013.160
MinimumVisualStudioVersion = 10.0.40219.1
Project("{2150E333-8FDC-42A3-9474-1A3956D46DE8}") = "01 Common 基础结构层", "01 Common 基础结构层", "{E483BEAA-A97A-42D2-AE54-F79F7BEDDD60}"
EndProject
Project("{2150E333-8FDC-42A3-9474-1A3956D46DE8}") = "02 Domain 服务", "02 Domain 服务", "{8437F996-EF76-4FAF-87B3-4C0EC89401E9}"
EndProject
Project("{2150E333-8FDC-42A3-9474-1A3956D46DE8}") = "03 应用层", "03 应用层", "{82708943-5B78-4BBE-AC58-73BF2C49A7FF}"
EndProject
Project("{2150E333-8FDC-42A3-9474-1A3956D46DE8}") = "04 Web", "04 Web", "{8E3CED31-D040-41C4-9D5A-936A7CD482D1}"
EndProject
Project("{2150E333-8FDC-42A3-9474-1A3956D46DE8}") = "05 WebAPI", "05 WebAPI", "{ECCA174D-0810-4FBD-906C-987FC695DAED}"
EndProject
Project("{FAE04EC0-301F-11D3-BF4B-00C04F79EFBC}") = "Newtouch.MR.ManageSystem.Infrastructure", "Newtouch.MR.ManageSystem.Infrastructure\Newtouch.MR.ManageSystem.Infrastructure.csproj", "{33C56FB9-0398-47E8-897A-B7B9D5F25B60}"
EndProject
Project("{FAE04EC0-301F-11D3-BF4B-00C04F79EFBC}") = "Newtouch.MR.ManageSystem.Domain", "Newtouch.MR.ManageSystem.Domain\Newtouch.MR.ManageSystem.Domain.csproj", "{9C7C291C-A578-4FF5-BA91-EACA3581DFD5}"
EndProject
Project("{FAE04EC0-301F-11D3-BF4B-00C04F79EFBC}") = "Newtouch.MR.ManageSystem.DomainServices", "Newtouch.MR.ManageSystem.DomainServices\Newtouch.MR.ManageSystem.DomainServices.csproj", "{EA4095A5-AAF2-4EC1-8326-065669808F14}"
EndProject
Project("{FAE04EC0-301F-11D3-BF4B-00C04F79EFBC}") = "Newtouch.MR.ManageSystem.Repository", "Newtouch.MR.ManageSystem.Repository\Newtouch.MR.ManageSystem.Repository.csproj", "{ADA07DEF-32C3-437B-8F1F-D4B5783C0064}"
EndProject
Project("{FAE04EC0-301F-11D3-BF4B-00C04F79EFBC}") = "Newtouch.MR.ManageSystem.Application", "Newtouch.MR.ManageSystem.Application\Newtouch.MR.ManageSystem.Application.csproj", "{4BA1FBE5-D064-4B99-952B-DBE750E6AD1B}"
EndProject
Project("{FAE04EC0-301F-11D3-BF4B-00C04F79EFBC}") = "Newtouch.HIS.MRMS.Web", "Newtouch.MR.ManageSystem.Web\Newtouch.HIS.MRMS.Web.csproj", "{3740422D-676B-4F59-BD07-533C60F09E53}"
EndProject
Project("{FAE04EC0-301F-11D3-BF4B-00C04F79EFBC}") = "Newtouch.MR.ManageSystem.APIRequest", "Newtouch.MR.ManageSystem.APIRequest\Newtouch.MR.ManageSystem.APIRequest.csproj", "{A25B0C00-3DB9-4EE1-B6BC-522DA09B7509}"
EndProject
Project("{FAE04EC0-301F-11D3-BF4B-00C04F79EFBC}") = "Newtouch.MR.ManageSystem.API", "Newtouch.MR.ManageSystem.API\Newtouch.MR.ManageSystem.API.csproj", "{549738C0-2057-429B-9ECF-A5683321780B}"
EndProject
Global
	GlobalSection(SolutionConfigurationPlatforms) = preSolution
		Debug|Any CPU = Debug|Any CPU
		Release|Any CPU = Release|Any CPU
	EndGlobalSection
	GlobalSection(ProjectConfigurationPlatforms) = postSolution
		{33C56FB9-0398-47E8-897A-B7B9D5F25B60}.Debug|Any CPU.ActiveCfg = Debug|Any CPU
		{33C56FB9-0398-47E8-897A-B7B9D5F25B60}.Debug|Any CPU.Build.0 = Debug|Any CPU
		{33C56FB9-0398-47E8-897A-B7B9D5F25B60}.Release|Any CPU.ActiveCfg = Release|Any CPU
		{33C56FB9-0398-47E8-897A-B7B9D5F25B60}.Release|Any CPU.Build.0 = Release|Any CPU
		{9C7C291C-A578-4FF5-BA91-EACA3581DFD5}.Debug|Any CPU.ActiveCfg = Debug|Any CPU
		{9C7C291C-A578-4FF5-BA91-EACA3581DFD5}.Debug|Any CPU.Build.0 = Debug|Any CPU
		{9C7C291C-A578-4FF5-BA91-EACA3581DFD5}.Release|Any CPU.ActiveCfg = Release|Any CPU
		{9C7C291C-A578-4FF5-BA91-EACA3581DFD5}.Release|Any CPU.Build.0 = Release|Any CPU
		{EA4095A5-AAF2-4EC1-8326-065669808F14}.Debug|Any CPU.ActiveCfg = Debug|Any CPU
		{EA4095A5-AAF2-4EC1-8326-065669808F14}.Debug|Any CPU.Build.0 = Debug|Any CPU
		{EA4095A5-AAF2-4EC1-8326-065669808F14}.Release|Any CPU.ActiveCfg = Release|Any CPU
		{EA4095A5-AAF2-4EC1-8326-065669808F14}.Release|Any CPU.Build.0 = Release|Any CPU
		{ADA07DEF-32C3-437B-8F1F-D4B5783C0064}.Debug|Any CPU.ActiveCfg = Debug|Any CPU
		{ADA07DEF-32C3-437B-8F1F-D4B5783C0064}.Debug|Any CPU.Build.0 = Debug|Any CPU
		{ADA07DEF-32C3-437B-8F1F-D4B5783C0064}.Release|Any CPU.ActiveCfg = Release|Any CPU
		{ADA07DEF-32C3-437B-8F1F-D4B5783C0064}.Release|Any CPU.Build.0 = Release|Any CPU
		{4BA1FBE5-D064-4B99-952B-DBE750E6AD1B}.Debug|Any CPU.ActiveCfg = Debug|Any CPU
		{4BA1FBE5-D064-4B99-952B-DBE750E6AD1B}.Debug|Any CPU.Build.0 = Debug|Any CPU
		{4BA1FBE5-D064-4B99-952B-DBE750E6AD1B}.Release|Any CPU.ActiveCfg = Release|Any CPU
		{4BA1FBE5-D064-4B99-952B-DBE750E6AD1B}.Release|Any CPU.Build.0 = Release|Any CPU
		{3740422D-676B-4F59-BD07-533C60F09E53}.Debug|Any CPU.ActiveCfg = Debug|Any CPU
		{3740422D-676B-4F59-BD07-533C60F09E53}.Debug|Any CPU.Build.0 = Debug|Any CPU
		{3740422D-676B-4F59-BD07-533C60F09E53}.Release|Any CPU.ActiveCfg = Release|Any CPU
		{3740422D-676B-4F59-BD07-533C60F09E53}.Release|Any CPU.Build.0 = Release|Any CPU
		{A25B0C00-3DB9-4EE1-B6BC-522DA09B7509}.Debug|Any CPU.ActiveCfg = Debug|Any CPU
		{A25B0C00-3DB9-4EE1-B6BC-522DA09B7509}.Debug|Any CPU.Build.0 = Debug|Any CPU
		{A25B0C00-3DB9-4EE1-B6BC-522DA09B7509}.Release|Any CPU.ActiveCfg = Release|Any CPU
		{A25B0C00-3DB9-4EE1-B6BC-522DA09B7509}.Release|Any CPU.Build.0 = Release|Any CPU
		{549738C0-2057-429B-9ECF-A5683321780B}.Debug|Any CPU.ActiveCfg = Debug|Any CPU
		{549738C0-2057-429B-9ECF-A5683321780B}.Debug|Any CPU.Build.0 = Debug|Any CPU
		{549738C0-2057-429B-9ECF-A5683321780B}.Release|Any CPU.ActiveCfg = Release|Any CPU
		{549738C0-2057-429B-9ECF-A5683321780B}.Release|Any CPU.Build.0 = Release|Any CPU
	EndGlobalSection
	GlobalSection(SolutionProperties) = preSolution
		HideSolutionNode = FALSE
	EndGlobalSection
	GlobalSection(NestedProjects) = preSolution
		{33C56FB9-0398-47E8-897A-B7B9D5F25B60} = {E483BEAA-A97A-42D2-AE54-F79F7BEDDD60}
		{9C7C291C-A578-4FF5-BA91-EACA3581DFD5} = {8437F996-EF76-4FAF-87B3-4C0EC89401E9}
		{EA4095A5-AAF2-4EC1-8326-065669808F14} = {8437F996-EF76-4FAF-87B3-4C0EC89401E9}
		{ADA07DEF-32C3-437B-8F1F-D4B5783C0064} = {8437F996-EF76-4FAF-87B3-4C0EC89401E9}
		{4BA1FBE5-D064-4B99-952B-DBE750E6AD1B} = {82708943-5B78-4BBE-AC58-73BF2C49A7FF}
		{3740422D-676B-4F59-BD07-533C60F09E53} = {8E3CED31-D040-41C4-9D5A-936A7CD482D1}
		{A25B0C00-3DB9-4EE1-B6BC-522DA09B7509} = {ECCA174D-0810-4FBD-906C-987FC695DAED}
		{549738C0-2057-429B-9ECF-A5683321780B} = {ECCA174D-0810-4FBD-906C-987FC695DAED}
	EndGlobalSection
	GlobalSection(ExtensibilityGlobals) = postSolution
		SolutionGuid = {E362E717-849F-4EE8-950E-15B32F125B35}
	EndGlobalSection
EndGlobal
