
Microsoft Visual Studio Solution File, Format Version 12.00
# Visual Studio 14
VisualStudioVersion = 14.0.23107.0
MinimumVisualStudioVersion = 10.0.40219.1
Project("{FAE04EC0-301F-11D3-BF4B-00C04F79EFBC}") = "FrameworkBase.Application", "FrameworkBase.Application\FrameworkBase.Application.csproj", "{188A0235-D5AE-452E-8DD6-6854108E0C99}"
EndProject
Project("{FAE04EC0-301F-11D3-BF4B-00C04F79EFBC}") = "FrameworkBase.DmnService", "FrameworkBase.DmnService\FrameworkBase.DmnService.csproj", "{BB1FDDBF-4DF1-4777-BC47-AFF5AF6D8A98}"
EndProject
Project("{FAE04EC0-301F-11D3-BF4B-00C04F79EFBC}") = "FrameworkBase.Domain", "FrameworkBase.Domain\FrameworkBase.Domain.csproj", "{6316333C-509E-4CBC-AD33-0FD8824129FF}"
EndProject
Project("{FAE04EC0-301F-11D3-BF4B-00C04F79EFBC}") = "FrameworkBase.Infrastructure", "FrameworkBase.Infrastructure\FrameworkBase.Infrastructure.csproj", "{BB9CF71F-AE95-4E19-84B1-46249C47B9E3}"
EndProject
Project("{FAE04EC0-301F-11D3-BF4B-00C04F79EFBC}") = "FrameworkBase.Repository", "FrameworkBase.Repository\FrameworkBase.Repository.csproj", "{DCD51992-09BE-4594-8823-B75F1C7F6E71}"
EndProject
Project("{FAE04EC0-301F-11D3-BF4B-00C04F79EFBC}") = "FrameworkBase.Web", "FrameworkBase.Web\FrameworkBase.Web.csproj", "{5A17ECF8-74D0-481A-B3DB-B77A44F5E522}"
EndProject
Project("{2150E333-8FDC-42A3-9474-1A3956D46DE8}") = "01 Common 基础结构层", "01 Common 基础结构层", "{917070E5-04C3-4E65-8D32-A239FDE20413}"
EndProject
Project("{2150E333-8FDC-42A3-9474-1A3956D46DE8}") = "02 Domain 服务", "02 Domain 服务", "{DEE2B3AE-A6E0-4AF3-9F20-01567D8B640C}"
EndProject
Project("{2150E333-8FDC-42A3-9474-1A3956D46DE8}") = "03 应用层", "03 应用层", "{DD40FC68-83BA-48C1-AE59-A239A060BE1B}"
EndProject
Project("{2150E333-8FDC-42A3-9474-1A3956D46DE8}") = "04 Web", "04 Web", "{CBF6EBDB-E6FC-40B1-89D3-D82906DE52A6}"
EndProject
Project("{2150E333-8FDC-42A3-9474-1A3956D46DE8}") = "05 WebAPI", "05 WebAPI", "{F63D4310-95E0-4792-BE02-5141EACDB837}"
EndProject
Project("{FAE04EC0-301F-11D3-BF4B-00C04F79EFBC}") = "FrameworkBase.API", "FrameworkBase.API\FrameworkBase.API.csproj", "{9A183353-A976-4797-AE01-B558C1F90875}"
EndProject
Project("{2150E333-8FDC-42A3-9474-1A3956D46DE8}") = "Framework", "Framework", "{463A9825-4733-43CF-AC2A-0522061C9BE8}"
EndProject
Project("{2150E333-8FDC-42A3-9474-1A3956D46DE8}") = "Framework.MultiOrg", "Framework.MultiOrg", "{99B2DCD0-0009-479F-A118-DA35DC6CE38D}"
EndProject
Project("{FAE04EC0-301F-11D3-BF4B-00C04F79EFBC}") = "FrameworkBase.MultiOrg.Infrastructure", "FrameworkBase.MultiOrg.Infrastructure\FrameworkBase.MultiOrg.Infrastructure.csproj", "{A6322F06-43F7-4DD1-A509-DA6E039CCECB}"
EndProject
Project("{2150E333-8FDC-42A3-9474-1A3956D46DE8}") = "01 Common 基础结构层", "01 Common 基础结构层", "{6F716FCC-A470-44D4-A7DB-344C8B981B51}"
EndProject
Project("{2150E333-8FDC-42A3-9474-1A3956D46DE8}") = "02 Domain 服务", "02 Domain 服务", "{09370F83-2CAE-4DF2-9A75-0E84D5293CC0}"
EndProject
Project("{2150E333-8FDC-42A3-9474-1A3956D46DE8}") = "03 应用层", "03 应用层", "{283E0A67-28DB-4F6F-96F9-1EB651565AC1}"
EndProject
Project("{2150E333-8FDC-42A3-9474-1A3956D46DE8}") = "04 Web", "04 Web", "{C9F3CD41-007A-4476-B7A6-7DB0B6C6E21E}"
EndProject
Project("{FAE04EC0-301F-11D3-BF4B-00C04F79EFBC}") = "FrameworkBase.MultiOrg.Domain", "FrameworkBase.MultiOrg.Domain\FrameworkBase.MultiOrg.Domain.csproj", "{83135F62-CC6D-4937-9F04-5AC9897051E4}"
EndProject
Project("{FAE04EC0-301F-11D3-BF4B-00C04F79EFBC}") = "FrameworkBase.MultiOrg.Application", "FrameworkBase.MultiOrg.Application\FrameworkBase.MultiOrg.Application.csproj", "{D7A9C2DD-ADBF-48A4-A68A-B30F86956731}"
EndProject
Project("{FAE04EC0-301F-11D3-BF4B-00C04F79EFBC}") = "FrameworkBase.MultiOrg.Repository", "FrameworkBase.MultiOrg.Repository\FrameworkBase.MultiOrg.Repository.csproj", "{6099CB16-BCED-4B81-9C53-02DCBF561FDE}"
EndProject
Project("{FAE04EC0-301F-11D3-BF4B-00C04F79EFBC}") = "FrameworkBase.MultiOrg.DmnService", "FrameworkBase.MultiOrg.DmnService\FrameworkBase.MultiOrg.DmnService.csproj", "{E75B835B-11A4-4221-AE61-633A09C29DE6}"
EndProject
Project("{FAE04EC0-301F-11D3-BF4B-00C04F79EFBC}") = "FrameworkBase.MultiOrg.Web", "FrameworkBase.MultiOrg.Web\FrameworkBase.MultiOrg.Web.csproj", "{DF6C71CE-4B0D-42CE-B3A7-BACA32C38CB7}"
EndProject
Project("{2150E333-8FDC-42A3-9474-1A3956D46DE8}") = "Framework.Oracle", "Framework.Oracle", "{3D847E39-AAC9-4F6B-8790-2409A001C3B9}"
EndProject
Project("{2150E333-8FDC-42A3-9474-1A3956D46DE8}") = "Framework.MultiOrg.Oracle", "Framework.MultiOrg.Oracle", "{560618D2-12A7-40F3-B59F-7211034C43DF}"
EndProject
Project("{FAE04EC0-301F-11D3-BF4B-00C04F79EFBC}") = "FrameworkBase.Oracle.DmnService", "FrameworkBase.Oracle.DmnService\FrameworkBase.Oracle.DmnService.csproj", "{A56EF012-EDAD-48F9-88B9-2D3DF133EE62}"
EndProject
Project("{FAE04EC0-301F-11D3-BF4B-00C04F79EFBC}") = "FrameworkBase.Oracle.Repository", "FrameworkBase.Oracle.Repository\FrameworkBase.Oracle.Repository.csproj", "{64141F13-CE82-4AAD-8B0B-8CE378A39A68}"
EndProject
Global
	GlobalSection(SolutionConfigurationPlatforms) = preSolution
		Debug|Any CPU = Debug|Any CPU
		Release|Any CPU = Release|Any CPU
	EndGlobalSection
	GlobalSection(ProjectConfigurationPlatforms) = postSolution
		{188A0235-D5AE-452E-8DD6-6854108E0C99}.Debug|Any CPU.ActiveCfg = Debug|Any CPU
		{188A0235-D5AE-452E-8DD6-6854108E0C99}.Debug|Any CPU.Build.0 = Debug|Any CPU
		{188A0235-D5AE-452E-8DD6-6854108E0C99}.Release|Any CPU.ActiveCfg = Release|Any CPU
		{188A0235-D5AE-452E-8DD6-6854108E0C99}.Release|Any CPU.Build.0 = Release|Any CPU
		{BB1FDDBF-4DF1-4777-BC47-AFF5AF6D8A98}.Debug|Any CPU.ActiveCfg = Debug|Any CPU
		{BB1FDDBF-4DF1-4777-BC47-AFF5AF6D8A98}.Debug|Any CPU.Build.0 = Debug|Any CPU
		{BB1FDDBF-4DF1-4777-BC47-AFF5AF6D8A98}.Release|Any CPU.ActiveCfg = Release|Any CPU
		{BB1FDDBF-4DF1-4777-BC47-AFF5AF6D8A98}.Release|Any CPU.Build.0 = Release|Any CPU
		{6316333C-509E-4CBC-AD33-0FD8824129FF}.Debug|Any CPU.ActiveCfg = Debug|Any CPU
		{6316333C-509E-4CBC-AD33-0FD8824129FF}.Debug|Any CPU.Build.0 = Debug|Any CPU
		{6316333C-509E-4CBC-AD33-0FD8824129FF}.Release|Any CPU.ActiveCfg = Release|Any CPU
		{6316333C-509E-4CBC-AD33-0FD8824129FF}.Release|Any CPU.Build.0 = Release|Any CPU
		{BB9CF71F-AE95-4E19-84B1-46249C47B9E3}.Debug|Any CPU.ActiveCfg = Debug|Any CPU
		{BB9CF71F-AE95-4E19-84B1-46249C47B9E3}.Debug|Any CPU.Build.0 = Debug|Any CPU
		{BB9CF71F-AE95-4E19-84B1-46249C47B9E3}.Release|Any CPU.ActiveCfg = Release|Any CPU
		{BB9CF71F-AE95-4E19-84B1-46249C47B9E3}.Release|Any CPU.Build.0 = Release|Any CPU
		{DCD51992-09BE-4594-8823-B75F1C7F6E71}.Debug|Any CPU.ActiveCfg = Debug|Any CPU
		{DCD51992-09BE-4594-8823-B75F1C7F6E71}.Debug|Any CPU.Build.0 = Debug|Any CPU
		{DCD51992-09BE-4594-8823-B75F1C7F6E71}.Release|Any CPU.ActiveCfg = Release|Any CPU
		{DCD51992-09BE-4594-8823-B75F1C7F6E71}.Release|Any CPU.Build.0 = Release|Any CPU
		{5A17ECF8-74D0-481A-B3DB-B77A44F5E522}.Debug|Any CPU.ActiveCfg = Debug|Any CPU
		{5A17ECF8-74D0-481A-B3DB-B77A44F5E522}.Debug|Any CPU.Build.0 = Debug|Any CPU
		{5A17ECF8-74D0-481A-B3DB-B77A44F5E522}.Release|Any CPU.ActiveCfg = Release|Any CPU
		{5A17ECF8-74D0-481A-B3DB-B77A44F5E522}.Release|Any CPU.Build.0 = Release|Any CPU
		{9A183353-A976-4797-AE01-B558C1F90875}.Debug|Any CPU.ActiveCfg = Debug|Any CPU
		{9A183353-A976-4797-AE01-B558C1F90875}.Debug|Any CPU.Build.0 = Debug|Any CPU
		{9A183353-A976-4797-AE01-B558C1F90875}.Release|Any CPU.ActiveCfg = Release|Any CPU
		{9A183353-A976-4797-AE01-B558C1F90875}.Release|Any CPU.Build.0 = Release|Any CPU
		{A6322F06-43F7-4DD1-A509-DA6E039CCECB}.Debug|Any CPU.ActiveCfg = Debug|Any CPU
		{A6322F06-43F7-4DD1-A509-DA6E039CCECB}.Debug|Any CPU.Build.0 = Debug|Any CPU
		{A6322F06-43F7-4DD1-A509-DA6E039CCECB}.Release|Any CPU.ActiveCfg = Release|Any CPU
		{A6322F06-43F7-4DD1-A509-DA6E039CCECB}.Release|Any CPU.Build.0 = Release|Any CPU
		{83135F62-CC6D-4937-9F04-5AC9897051E4}.Debug|Any CPU.ActiveCfg = Debug|Any CPU
		{83135F62-CC6D-4937-9F04-5AC9897051E4}.Debug|Any CPU.Build.0 = Debug|Any CPU
		{83135F62-CC6D-4937-9F04-5AC9897051E4}.Release|Any CPU.ActiveCfg = Release|Any CPU
		{83135F62-CC6D-4937-9F04-5AC9897051E4}.Release|Any CPU.Build.0 = Release|Any CPU
		{D7A9C2DD-ADBF-48A4-A68A-B30F86956731}.Debug|Any CPU.ActiveCfg = Debug|Any CPU
		{D7A9C2DD-ADBF-48A4-A68A-B30F86956731}.Debug|Any CPU.Build.0 = Debug|Any CPU
		{D7A9C2DD-ADBF-48A4-A68A-B30F86956731}.Release|Any CPU.ActiveCfg = Release|Any CPU
		{D7A9C2DD-ADBF-48A4-A68A-B30F86956731}.Release|Any CPU.Build.0 = Release|Any CPU
		{6099CB16-BCED-4B81-9C53-02DCBF561FDE}.Debug|Any CPU.ActiveCfg = Debug|Any CPU
		{6099CB16-BCED-4B81-9C53-02DCBF561FDE}.Debug|Any CPU.Build.0 = Debug|Any CPU
		{6099CB16-BCED-4B81-9C53-02DCBF561FDE}.Release|Any CPU.ActiveCfg = Release|Any CPU
		{6099CB16-BCED-4B81-9C53-02DCBF561FDE}.Release|Any CPU.Build.0 = Release|Any CPU
		{E75B835B-11A4-4221-AE61-633A09C29DE6}.Debug|Any CPU.ActiveCfg = Debug|Any CPU
		{E75B835B-11A4-4221-AE61-633A09C29DE6}.Debug|Any CPU.Build.0 = Debug|Any CPU
		{E75B835B-11A4-4221-AE61-633A09C29DE6}.Release|Any CPU.ActiveCfg = Release|Any CPU
		{E75B835B-11A4-4221-AE61-633A09C29DE6}.Release|Any CPU.Build.0 = Release|Any CPU
		{DF6C71CE-4B0D-42CE-B3A7-BACA32C38CB7}.Debug|Any CPU.ActiveCfg = Debug|Any CPU
		{DF6C71CE-4B0D-42CE-B3A7-BACA32C38CB7}.Debug|Any CPU.Build.0 = Debug|Any CPU
		{DF6C71CE-4B0D-42CE-B3A7-BACA32C38CB7}.Release|Any CPU.ActiveCfg = Release|Any CPU
		{DF6C71CE-4B0D-42CE-B3A7-BACA32C38CB7}.Release|Any CPU.Build.0 = Release|Any CPU
		{A56EF012-EDAD-48F9-88B9-2D3DF133EE62}.Debug|Any CPU.ActiveCfg = Debug|Any CPU
		{A56EF012-EDAD-48F9-88B9-2D3DF133EE62}.Debug|Any CPU.Build.0 = Debug|Any CPU
		{A56EF012-EDAD-48F9-88B9-2D3DF133EE62}.Release|Any CPU.ActiveCfg = Release|Any CPU
		{A56EF012-EDAD-48F9-88B9-2D3DF133EE62}.Release|Any CPU.Build.0 = Release|Any CPU
		{64141F13-CE82-4AAD-8B0B-8CE378A39A68}.Debug|Any CPU.ActiveCfg = Debug|Any CPU
		{64141F13-CE82-4AAD-8B0B-8CE378A39A68}.Debug|Any CPU.Build.0 = Debug|Any CPU
		{64141F13-CE82-4AAD-8B0B-8CE378A39A68}.Release|Any CPU.ActiveCfg = Release|Any CPU
		{64141F13-CE82-4AAD-8B0B-8CE378A39A68}.Release|Any CPU.Build.0 = Release|Any CPU
	EndGlobalSection
	GlobalSection(SolutionProperties) = preSolution
		HideSolutionNode = FALSE
	EndGlobalSection
	GlobalSection(NestedProjects) = preSolution
		{188A0235-D5AE-452E-8DD6-6854108E0C99} = {DD40FC68-83BA-48C1-AE59-A239A060BE1B}
		{BB1FDDBF-4DF1-4777-BC47-AFF5AF6D8A98} = {DEE2B3AE-A6E0-4AF3-9F20-01567D8B640C}
		{6316333C-509E-4CBC-AD33-0FD8824129FF} = {DEE2B3AE-A6E0-4AF3-9F20-01567D8B640C}
		{BB9CF71F-AE95-4E19-84B1-46249C47B9E3} = {917070E5-04C3-4E65-8D32-A239FDE20413}
		{DCD51992-09BE-4594-8823-B75F1C7F6E71} = {DEE2B3AE-A6E0-4AF3-9F20-01567D8B640C}
		{5A17ECF8-74D0-481A-B3DB-B77A44F5E522} = {CBF6EBDB-E6FC-40B1-89D3-D82906DE52A6}
		{917070E5-04C3-4E65-8D32-A239FDE20413} = {463A9825-4733-43CF-AC2A-0522061C9BE8}
		{DEE2B3AE-A6E0-4AF3-9F20-01567D8B640C} = {463A9825-4733-43CF-AC2A-0522061C9BE8}
		{DD40FC68-83BA-48C1-AE59-A239A060BE1B} = {463A9825-4733-43CF-AC2A-0522061C9BE8}
		{CBF6EBDB-E6FC-40B1-89D3-D82906DE52A6} = {463A9825-4733-43CF-AC2A-0522061C9BE8}
		{F63D4310-95E0-4792-BE02-5141EACDB837} = {463A9825-4733-43CF-AC2A-0522061C9BE8}
		{9A183353-A976-4797-AE01-B558C1F90875} = {F63D4310-95E0-4792-BE02-5141EACDB837}
		{A6322F06-43F7-4DD1-A509-DA6E039CCECB} = {6F716FCC-A470-44D4-A7DB-344C8B981B51}
		{6F716FCC-A470-44D4-A7DB-344C8B981B51} = {99B2DCD0-0009-479F-A118-DA35DC6CE38D}
		{09370F83-2CAE-4DF2-9A75-0E84D5293CC0} = {99B2DCD0-0009-479F-A118-DA35DC6CE38D}
		{283E0A67-28DB-4F6F-96F9-1EB651565AC1} = {99B2DCD0-0009-479F-A118-DA35DC6CE38D}
		{C9F3CD41-007A-4476-B7A6-7DB0B6C6E21E} = {99B2DCD0-0009-479F-A118-DA35DC6CE38D}
		{83135F62-CC6D-4937-9F04-5AC9897051E4} = {09370F83-2CAE-4DF2-9A75-0E84D5293CC0}
		{D7A9C2DD-ADBF-48A4-A68A-B30F86956731} = {283E0A67-28DB-4F6F-96F9-1EB651565AC1}
		{6099CB16-BCED-4B81-9C53-02DCBF561FDE} = {09370F83-2CAE-4DF2-9A75-0E84D5293CC0}
		{E75B835B-11A4-4221-AE61-633A09C29DE6} = {09370F83-2CAE-4DF2-9A75-0E84D5293CC0}
		{DF6C71CE-4B0D-42CE-B3A7-BACA32C38CB7} = {C9F3CD41-007A-4476-B7A6-7DB0B6C6E21E}
		{A56EF012-EDAD-48F9-88B9-2D3DF133EE62} = {3D847E39-AAC9-4F6B-8790-2409A001C3B9}
		{64141F13-CE82-4AAD-8B0B-8CE378A39A68} = {3D847E39-AAC9-4F6B-8790-2409A001C3B9}
	EndGlobalSection
EndGlobal
