
Microsoft Visual Studio Solution File, Format Version 12.00
# Visual Studio Version 17
VisualStudioVersion = 17.6.33829.357
MinimumVisualStudioVersion = 10.0.40219.1
Project("{9A19103F-16F7-4668-BE54-9A1E7A4F7556}") = "NewtouchHIS.WebAPI.Manage", "NewtouchHIS.WebAPI.Manage\NewtouchHIS.WebAPI.Manage.csproj", "{F46943B8-39B6-4D03-B1FA-0179C935991D}"
EndProject
Project("{9A19103F-16F7-4668-BE54-9A1E7A4F7556}") = "NewtouchHIS.Base.Domain", "NewtouchHIS.Base.Domain\NewtouchHIS.Base.Domain.csproj", "{54626D67-E794-4E58-9747-8CD8CB81A54E}"
EndProject
Project("{9A19103F-16F7-4668-BE54-9A1E7A4F7556}") = "NewtouchHIS.Base.DomainService", "NewtouchHIS.Base.DomainService\NewtouchHIS.Base.DomainService.csproj", "{64663597-B948-4BE9-B82A-863D393D5AE8}"
EndProject
Project("{9A19103F-16F7-4668-BE54-9A1E7A4F7556}") = "NewtouchHIS.Base.Repository", "NewtouchHIS.Base.Repository\NewtouchHIS.Base.Repository.csproj", "{34408A76-EAA5-46BB-94DD-716713426118}"
EndProject
Project("{9A19103F-16F7-4668-BE54-9A1E7A4F7556}") = "NewtouchHIS.AuthenticationCenter", "NewtouchHIS.AuthenticationCenter\NewtouchHIS.AuthenticationCenter.csproj", "{CC72E98C-9DD7-415B-B63E-AE6AB70F0682}"
EndProject
Project("{9A19103F-16F7-4668-BE54-9A1E7A4F7556}") = "NewtouchHIS.DomainService", "NewtouchHIS.DomainService\NewtouchHIS.DomainService.csproj", "{2E3726DC-9C17-4F26-B718-26E46DA67E70}"
EndProject
Project("{9A19103F-16F7-4668-BE54-9A1E7A4F7556}") = "NewtouchHIS.Domain", "NewtouchHIS.Domain\NewtouchHIS.Domain.csproj", "{CF504B4C-394B-420E-8657-B4C28531C744}"
EndProject
Project("{2150E333-8FDC-42A3-9474-1A3956D46DE8}") = "01 Lib", "01 Lib", "{91C53094-18F6-4E0B-8542-71A4ED7B07D3}"
EndProject
Project("{2150E333-8FDC-42A3-9474-1A3956D46DE8}") = "02 Base Business", "02 Base Business", "{93B10EFA-7812-4AD9-9C5B-E7FA8BB30035}"
EndProject
Project("{2150E333-8FDC-42A3-9474-1A3956D46DE8}") = "03 Main Business", "03 Main Business", "{1E628670-A765-4CB0-8552-D57E165721EC}"
EndProject
Project("{2150E333-8FDC-42A3-9474-1A3956D46DE8}") = "04 Main Web", "04 Main Web", "{3BF9D4DD-F00C-4612-9BFB-406E9C452E68}"
EndProject
Project("{9A19103F-16F7-4668-BE54-9A1E7A4F7556}") = "NewtouchHIS.Services", "NewtouchHIS.Services\NewtouchHIS.Services.csproj", "{4F71F0E2-3B25-4829-BFF4-59E2F73B1DF0}"
EndProject
Project("{9A19103F-16F7-4668-BE54-9A1E7A4F7556}") = "NewtouchHIS.Lib.Base", "..\Newtouch.HIS.Lib\NewtouchHIS.Lib.Base\NewtouchHIS.Lib.Base.csproj", "{A6C70386-BEA1-47A0-A682-A460D41ECBBD}"
EndProject
Global
	GlobalSection(SolutionConfigurationPlatforms) = preSolution
		Debug|Any CPU = Debug|Any CPU
		Release|Any CPU = Release|Any CPU
	EndGlobalSection
	GlobalSection(ProjectConfigurationPlatforms) = postSolution
		{F46943B8-39B6-4D03-B1FA-0179C935991D}.Debug|Any CPU.ActiveCfg = Debug|Any CPU
		{F46943B8-39B6-4D03-B1FA-0179C935991D}.Debug|Any CPU.Build.0 = Debug|Any CPU
		{F46943B8-39B6-4D03-B1FA-0179C935991D}.Release|Any CPU.ActiveCfg = Release|Any CPU
		{F46943B8-39B6-4D03-B1FA-0179C935991D}.Release|Any CPU.Build.0 = Release|Any CPU
		{54626D67-E794-4E58-9747-8CD8CB81A54E}.Debug|Any CPU.ActiveCfg = Debug|Any CPU
		{54626D67-E794-4E58-9747-8CD8CB81A54E}.Debug|Any CPU.Build.0 = Debug|Any CPU
		{54626D67-E794-4E58-9747-8CD8CB81A54E}.Release|Any CPU.ActiveCfg = Release|Any CPU
		{54626D67-E794-4E58-9747-8CD8CB81A54E}.Release|Any CPU.Build.0 = Release|Any CPU
		{64663597-B948-4BE9-B82A-863D393D5AE8}.Debug|Any CPU.ActiveCfg = Debug|Any CPU
		{64663597-B948-4BE9-B82A-863D393D5AE8}.Debug|Any CPU.Build.0 = Debug|Any CPU
		{64663597-B948-4BE9-B82A-863D393D5AE8}.Release|Any CPU.ActiveCfg = Release|Any CPU
		{64663597-B948-4BE9-B82A-863D393D5AE8}.Release|Any CPU.Build.0 = Release|Any CPU
		{34408A76-EAA5-46BB-94DD-716713426118}.Debug|Any CPU.ActiveCfg = Debug|Any CPU
		{34408A76-EAA5-46BB-94DD-716713426118}.Debug|Any CPU.Build.0 = Debug|Any CPU
		{34408A76-EAA5-46BB-94DD-716713426118}.Release|Any CPU.ActiveCfg = Release|Any CPU
		{34408A76-EAA5-46BB-94DD-716713426118}.Release|Any CPU.Build.0 = Release|Any CPU
		{CC72E98C-9DD7-415B-B63E-AE6AB70F0682}.Debug|Any CPU.ActiveCfg = Debug|Any CPU
		{CC72E98C-9DD7-415B-B63E-AE6AB70F0682}.Debug|Any CPU.Build.0 = Debug|Any CPU
		{CC72E98C-9DD7-415B-B63E-AE6AB70F0682}.Release|Any CPU.ActiveCfg = Release|Any CPU
		{CC72E98C-9DD7-415B-B63E-AE6AB70F0682}.Release|Any CPU.Build.0 = Release|Any CPU
		{2E3726DC-9C17-4F26-B718-26E46DA67E70}.Debug|Any CPU.ActiveCfg = Debug|Any CPU
		{2E3726DC-9C17-4F26-B718-26E46DA67E70}.Debug|Any CPU.Build.0 = Debug|Any CPU
		{2E3726DC-9C17-4F26-B718-26E46DA67E70}.Release|Any CPU.ActiveCfg = Release|Any CPU
		{2E3726DC-9C17-4F26-B718-26E46DA67E70}.Release|Any CPU.Build.0 = Release|Any CPU
		{CF504B4C-394B-420E-8657-B4C28531C744}.Debug|Any CPU.ActiveCfg = Debug|Any CPU
		{CF504B4C-394B-420E-8657-B4C28531C744}.Debug|Any CPU.Build.0 = Debug|Any CPU
		{CF504B4C-394B-420E-8657-B4C28531C744}.Release|Any CPU.ActiveCfg = Release|Any CPU
		{CF504B4C-394B-420E-8657-B4C28531C744}.Release|Any CPU.Build.0 = Release|Any CPU
		{4F71F0E2-3B25-4829-BFF4-59E2F73B1DF0}.Debug|Any CPU.ActiveCfg = Debug|Any CPU
		{4F71F0E2-3B25-4829-BFF4-59E2F73B1DF0}.Debug|Any CPU.Build.0 = Debug|Any CPU
		{4F71F0E2-3B25-4829-BFF4-59E2F73B1DF0}.Release|Any CPU.ActiveCfg = Release|Any CPU
		{4F71F0E2-3B25-4829-BFF4-59E2F73B1DF0}.Release|Any CPU.Build.0 = Release|Any CPU
		{A6C70386-BEA1-47A0-A682-A460D41ECBBD}.Debug|Any CPU.ActiveCfg = Debug|Any CPU
		{A6C70386-BEA1-47A0-A682-A460D41ECBBD}.Debug|Any CPU.Build.0 = Debug|Any CPU
		{A6C70386-BEA1-47A0-A682-A460D41ECBBD}.Release|Any CPU.ActiveCfg = Release|Any CPU
		{A6C70386-BEA1-47A0-A682-A460D41ECBBD}.Release|Any CPU.Build.0 = Release|Any CPU
	EndGlobalSection
	GlobalSection(SolutionProperties) = preSolution
		HideSolutionNode = FALSE
	EndGlobalSection
	GlobalSection(NestedProjects) = preSolution
		{F46943B8-39B6-4D03-B1FA-0179C935991D} = {3BF9D4DD-F00C-4612-9BFB-406E9C452E68}
		{54626D67-E794-4E58-9747-8CD8CB81A54E} = {93B10EFA-7812-4AD9-9C5B-E7FA8BB30035}
		{64663597-B948-4BE9-B82A-863D393D5AE8} = {93B10EFA-7812-4AD9-9C5B-E7FA8BB30035}
		{34408A76-EAA5-46BB-94DD-716713426118} = {93B10EFA-7812-4AD9-9C5B-E7FA8BB30035}
		{CC72E98C-9DD7-415B-B63E-AE6AB70F0682} = {3BF9D4DD-F00C-4612-9BFB-406E9C452E68}
		{2E3726DC-9C17-4F26-B718-26E46DA67E70} = {1E628670-A765-4CB0-8552-D57E165721EC}
		{CF504B4C-394B-420E-8657-B4C28531C744} = {1E628670-A765-4CB0-8552-D57E165721EC}
		{4F71F0E2-3B25-4829-BFF4-59E2F73B1DF0} = {1E628670-A765-4CB0-8552-D57E165721EC}
		{A6C70386-BEA1-47A0-A682-A460D41ECBBD} = {91C53094-18F6-4E0B-8542-71A4ED7B07D3}
	EndGlobalSection
	GlobalSection(ExtensibilityGlobals) = postSolution
		SolutionGuid = {4F7D5581-EA18-4F2F-AA1B-FB0BEB6599A7}
	EndGlobalSection
EndGlobal
