
Microsoft Visual Studio Solution File, Format Version 12.00
# Visual Studio Version 17
VisualStudioVersion = 17.10.35013.160
MinimumVisualStudioVersion = 10.0.40219.1
Project("{FAE04EC0-301F-11D3-BF4B-00C04F79EFBC}") = "Newtouch.CIS.Web", "Newtouch.CIS.Web\Newtouch.CIS.Web.csproj", "{92E9B0B9-8543-4711-8C4C-924E19CFBFAF}"
EndProject
Project("{2150E333-8FDC-42A3-9474-1A3956D46DE8}") = "01 Common 基础结构层", "01 Common 基础结构层", "{0666AA71-DE37-4CEC-86B5-3A46D6FF89E7}"
EndProject
Project("{2150E333-8FDC-42A3-9474-1A3956D46DE8}") = "02 Domain 服务", "02 Domain 服务", "{5B3A976D-0D6B-41BE-B6B7-BC9719FDC28B}"
EndProject
Project("{2150E333-8FDC-42A3-9474-1A3956D46DE8}") = "03 应用层", "03 应用层", "{5B12D6CE-B153-4033-87B8-43A7E96B812F}"
EndProject
Project("{2150E333-8FDC-42A3-9474-1A3956D46DE8}") = "04 Web 应用程序", "04 Web 应用程序", "{0E2E59C3-1F38-4D11-B475-1917C134B32A}"
EndProject
Project("{FAE04EC0-301F-11D3-BF4B-00C04F79EFBC}") = "Newtouch.Infrastructure", "Newtouch.Infrastructure\Newtouch.Infrastructure.csproj", "{77FCEE9A-4E4B-48CE-B06B-888FA30F6027}"
EndProject
Project("{FAE04EC0-301F-11D3-BF4B-00C04F79EFBC}") = "Newtouch.Domain", "Newtouch.Domain\Newtouch.Domain.csproj", "{8B0D33A9-A52D-4596-8D7B-6B94EC31AB54}"
EndProject
Project("{FAE04EC0-301F-11D3-BF4B-00C04F79EFBC}") = "Newtouch.DomainServices", "Newtouch.DomainServices\Newtouch.DomainServices.csproj", "{BD86828D-F0D6-4742-8AE3-9FD3CB137362}"
EndProject
Project("{FAE04EC0-301F-11D3-BF4B-00C04F79EFBC}") = "Newtouch.Repository", "Newtouch.Repository\Newtouch.Repository.csproj", "{B9E82BA4-1DFA-4172-BCBC-FA589E9297E1}"
EndProject
Project("{FAE04EC0-301F-11D3-BF4B-00C04F79EFBC}") = "Newtouch.Application", "Newtouch.Application\Newtouch.Application.csproj", "{94134A88-2DC3-4BD8-92BC-C32C5F6F2AAD}"
EndProject
Project("{2150E333-8FDC-42A3-9474-1A3956D46DE8}") = "05 WebAPI", "05 WebAPI", "{8F3C643D-918D-4542-B1C4-55B8A54E601E}"
EndProject
Project("{FAE04EC0-301F-11D3-BF4B-00C04F79EFBC}") = "Newtouch.CIS.APIRequest", "Newtouch.CIS.APIRequest\Newtouch.CIS.APIRequest.csproj", "{D1701DC6-A8E4-4418-BEBF-4437A3C247BF}"
EndProject
Project("{FAE04EC0-301F-11D3-BF4B-00C04F79EFBC}") = "NewtouchCIS.API", "NewtouchCIS.API\NewtouchCIS.API.csproj", "{0A01F35D-D960-4BA1-92E5-C4A8D92FC492}"
EndProject
Project("{FAE04EC0-301F-11D3-BF4B-00C04F79EFBC}") = "NewtouchActiveX", "NewtouchActiveX\NewtouchActiveX.csproj", "{8DEFE379-2B48-4CC8-B0DC-6DAF83B165FF}"
EndProject
Project("{FAE04EC0-301F-11D3-BF4B-00C04F79EFBC}") = "Newtouch.CIS.Proxy", "Newtouch.CIS.Proxy\Newtouch.CIS.Proxy.csproj", "{CEA2FA20-0AF3-4972-B9CA-78FCD9C1AB00}"
EndProject
Project("{FAE04EC0-301F-11D3-BF4B-00C04F79EFBC}") = "Newtouch.CIS.UnitTestProject", "Newtouch.CIS.UnitTestProject\Newtouch.CIS.UnitTestProject.csproj", "{B0AECA53-1C5C-425F-886C-BF6DA5284501}"
EndProject
Global
	GlobalSection(SolutionConfigurationPlatforms) = preSolution
		Debug|Any CPU = Debug|Any CPU
		DebugLocal|Any CPU = DebugLocal|Any CPU
		Release|Any CPU = Release|Any CPU
	EndGlobalSection
	GlobalSection(ProjectConfigurationPlatforms) = postSolution
		{92E9B0B9-8543-4711-8C4C-924E19CFBFAF}.Debug|Any CPU.ActiveCfg = Debug|Any CPU
		{92E9B0B9-8543-4711-8C4C-924E19CFBFAF}.Debug|Any CPU.Build.0 = Debug|Any CPU
		{92E9B0B9-8543-4711-8C4C-924E19CFBFAF}.DebugLocal|Any CPU.ActiveCfg = Debug|Any CPU
		{92E9B0B9-8543-4711-8C4C-924E19CFBFAF}.DebugLocal|Any CPU.Build.0 = Debug|Any CPU
		{92E9B0B9-8543-4711-8C4C-924E19CFBFAF}.Release|Any CPU.ActiveCfg = Release|Any CPU
		{92E9B0B9-8543-4711-8C4C-924E19CFBFAF}.Release|Any CPU.Build.0 = Release|Any CPU
		{77FCEE9A-4E4B-48CE-B06B-888FA30F6027}.Debug|Any CPU.ActiveCfg = Debug|Any CPU
		{77FCEE9A-4E4B-48CE-B06B-888FA30F6027}.Debug|Any CPU.Build.0 = Debug|Any CPU
		{77FCEE9A-4E4B-48CE-B06B-888FA30F6027}.DebugLocal|Any CPU.ActiveCfg = Debug|Any CPU
		{77FCEE9A-4E4B-48CE-B06B-888FA30F6027}.DebugLocal|Any CPU.Build.0 = Debug|Any CPU
		{77FCEE9A-4E4B-48CE-B06B-888FA30F6027}.Release|Any CPU.ActiveCfg = Release|Any CPU
		{77FCEE9A-4E4B-48CE-B06B-888FA30F6027}.Release|Any CPU.Build.0 = Release|Any CPU
		{8B0D33A9-A52D-4596-8D7B-6B94EC31AB54}.Debug|Any CPU.ActiveCfg = Debug|Any CPU
		{8B0D33A9-A52D-4596-8D7B-6B94EC31AB54}.Debug|Any CPU.Build.0 = Debug|Any CPU
		{8B0D33A9-A52D-4596-8D7B-6B94EC31AB54}.DebugLocal|Any CPU.ActiveCfg = Debug|Any CPU
		{8B0D33A9-A52D-4596-8D7B-6B94EC31AB54}.DebugLocal|Any CPU.Build.0 = Debug|Any CPU
		{8B0D33A9-A52D-4596-8D7B-6B94EC31AB54}.Release|Any CPU.ActiveCfg = Release|Any CPU
		{8B0D33A9-A52D-4596-8D7B-6B94EC31AB54}.Release|Any CPU.Build.0 = Release|Any CPU
		{BD86828D-F0D6-4742-8AE3-9FD3CB137362}.Debug|Any CPU.ActiveCfg = Debug|Any CPU
		{BD86828D-F0D6-4742-8AE3-9FD3CB137362}.Debug|Any CPU.Build.0 = Debug|Any CPU
		{BD86828D-F0D6-4742-8AE3-9FD3CB137362}.DebugLocal|Any CPU.ActiveCfg = Debug|Any CPU
		{BD86828D-F0D6-4742-8AE3-9FD3CB137362}.DebugLocal|Any CPU.Build.0 = Debug|Any CPU
		{BD86828D-F0D6-4742-8AE3-9FD3CB137362}.Release|Any CPU.ActiveCfg = Release|Any CPU
		{BD86828D-F0D6-4742-8AE3-9FD3CB137362}.Release|Any CPU.Build.0 = Release|Any CPU
		{B9E82BA4-1DFA-4172-BCBC-FA589E9297E1}.Debug|Any CPU.ActiveCfg = Debug|Any CPU
		{B9E82BA4-1DFA-4172-BCBC-FA589E9297E1}.Debug|Any CPU.Build.0 = Debug|Any CPU
		{B9E82BA4-1DFA-4172-BCBC-FA589E9297E1}.DebugLocal|Any CPU.ActiveCfg = Debug|Any CPU
		{B9E82BA4-1DFA-4172-BCBC-FA589E9297E1}.DebugLocal|Any CPU.Build.0 = Debug|Any CPU
		{B9E82BA4-1DFA-4172-BCBC-FA589E9297E1}.Release|Any CPU.ActiveCfg = Release|Any CPU
		{B9E82BA4-1DFA-4172-BCBC-FA589E9297E1}.Release|Any CPU.Build.0 = Release|Any CPU
		{94134A88-2DC3-4BD8-92BC-C32C5F6F2AAD}.Debug|Any CPU.ActiveCfg = Debug|Any CPU
		{94134A88-2DC3-4BD8-92BC-C32C5F6F2AAD}.Debug|Any CPU.Build.0 = Debug|Any CPU
		{94134A88-2DC3-4BD8-92BC-C32C5F6F2AAD}.DebugLocal|Any CPU.ActiveCfg = Debug|Any CPU
		{94134A88-2DC3-4BD8-92BC-C32C5F6F2AAD}.DebugLocal|Any CPU.Build.0 = Debug|Any CPU
		{94134A88-2DC3-4BD8-92BC-C32C5F6F2AAD}.Release|Any CPU.ActiveCfg = Release|Any CPU
		{94134A88-2DC3-4BD8-92BC-C32C5F6F2AAD}.Release|Any CPU.Build.0 = Release|Any CPU
		{D1701DC6-A8E4-4418-BEBF-4437A3C247BF}.Debug|Any CPU.ActiveCfg = Debug|Any CPU
		{D1701DC6-A8E4-4418-BEBF-4437A3C247BF}.Debug|Any CPU.Build.0 = Debug|Any CPU
		{D1701DC6-A8E4-4418-BEBF-4437A3C247BF}.DebugLocal|Any CPU.ActiveCfg = Debug|Any CPU
		{D1701DC6-A8E4-4418-BEBF-4437A3C247BF}.DebugLocal|Any CPU.Build.0 = Debug|Any CPU
		{D1701DC6-A8E4-4418-BEBF-4437A3C247BF}.Release|Any CPU.ActiveCfg = Release|Any CPU
		{D1701DC6-A8E4-4418-BEBF-4437A3C247BF}.Release|Any CPU.Build.0 = Release|Any CPU
		{0A01F35D-D960-4BA1-92E5-C4A8D92FC492}.Debug|Any CPU.ActiveCfg = Debug|Any CPU
		{0A01F35D-D960-4BA1-92E5-C4A8D92FC492}.Debug|Any CPU.Build.0 = Debug|Any CPU
		{0A01F35D-D960-4BA1-92E5-C4A8D92FC492}.DebugLocal|Any CPU.ActiveCfg = Debug|Any CPU
		{0A01F35D-D960-4BA1-92E5-C4A8D92FC492}.DebugLocal|Any CPU.Build.0 = Debug|Any CPU
		{0A01F35D-D960-4BA1-92E5-C4A8D92FC492}.Release|Any CPU.ActiveCfg = Release|Any CPU
		{0A01F35D-D960-4BA1-92E5-C4A8D92FC492}.Release|Any CPU.Build.0 = Release|Any CPU
		{8DEFE379-2B48-4CC8-B0DC-6DAF83B165FF}.Debug|Any CPU.ActiveCfg = Debug|Any CPU
		{8DEFE379-2B48-4CC8-B0DC-6DAF83B165FF}.Debug|Any CPU.Build.0 = Debug|Any CPU
		{8DEFE379-2B48-4CC8-B0DC-6DAF83B165FF}.DebugLocal|Any CPU.ActiveCfg = Debug|Any CPU
		{8DEFE379-2B48-4CC8-B0DC-6DAF83B165FF}.DebugLocal|Any CPU.Build.0 = Debug|Any CPU
		{8DEFE379-2B48-4CC8-B0DC-6DAF83B165FF}.Release|Any CPU.ActiveCfg = Release|Any CPU
		{8DEFE379-2B48-4CC8-B0DC-6DAF83B165FF}.Release|Any CPU.Build.0 = Release|Any CPU
		{CEA2FA20-0AF3-4972-B9CA-78FCD9C1AB00}.Debug|Any CPU.ActiveCfg = Debug|Any CPU
		{CEA2FA20-0AF3-4972-B9CA-78FCD9C1AB00}.Debug|Any CPU.Build.0 = Debug|Any CPU
		{CEA2FA20-0AF3-4972-B9CA-78FCD9C1AB00}.DebugLocal|Any CPU.ActiveCfg = Debug|Any CPU
		{CEA2FA20-0AF3-4972-B9CA-78FCD9C1AB00}.DebugLocal|Any CPU.Build.0 = Debug|Any CPU
		{CEA2FA20-0AF3-4972-B9CA-78FCD9C1AB00}.Release|Any CPU.ActiveCfg = Release|Any CPU
		{CEA2FA20-0AF3-4972-B9CA-78FCD9C1AB00}.Release|Any CPU.Build.0 = Release|Any CPU
		{B0AECA53-1C5C-425F-886C-BF6DA5284501}.Debug|Any CPU.ActiveCfg = Debug|Any CPU
		{B0AECA53-1C5C-425F-886C-BF6DA5284501}.Debug|Any CPU.Build.0 = Debug|Any CPU
		{B0AECA53-1C5C-425F-886C-BF6DA5284501}.DebugLocal|Any CPU.ActiveCfg = Debug|Any CPU
		{B0AECA53-1C5C-425F-886C-BF6DA5284501}.DebugLocal|Any CPU.Build.0 = Debug|Any CPU
		{B0AECA53-1C5C-425F-886C-BF6DA5284501}.Release|Any CPU.ActiveCfg = Release|Any CPU
		{B0AECA53-1C5C-425F-886C-BF6DA5284501}.Release|Any CPU.Build.0 = Release|Any CPU
	EndGlobalSection
	GlobalSection(SolutionProperties) = preSolution
		HideSolutionNode = FALSE
	EndGlobalSection
	GlobalSection(NestedProjects) = preSolution
		{92E9B0B9-8543-4711-8C4C-924E19CFBFAF} = {0E2E59C3-1F38-4D11-B475-1917C134B32A}
		{77FCEE9A-4E4B-48CE-B06B-888FA30F6027} = {0666AA71-DE37-4CEC-86B5-3A46D6FF89E7}
		{8B0D33A9-A52D-4596-8D7B-6B94EC31AB54} = {5B3A976D-0D6B-41BE-B6B7-BC9719FDC28B}
		{BD86828D-F0D6-4742-8AE3-9FD3CB137362} = {5B3A976D-0D6B-41BE-B6B7-BC9719FDC28B}
		{B9E82BA4-1DFA-4172-BCBC-FA589E9297E1} = {5B3A976D-0D6B-41BE-B6B7-BC9719FDC28B}
		{94134A88-2DC3-4BD8-92BC-C32C5F6F2AAD} = {5B12D6CE-B153-4033-87B8-43A7E96B812F}
		{D1701DC6-A8E4-4418-BEBF-4437A3C247BF} = {8F3C643D-918D-4542-B1C4-55B8A54E601E}
		{0A01F35D-D960-4BA1-92E5-C4A8D92FC492} = {8F3C643D-918D-4542-B1C4-55B8A54E601E}
		{CEA2FA20-0AF3-4972-B9CA-78FCD9C1AB00} = {5B3A976D-0D6B-41BE-B6B7-BC9719FDC28B}
		{B0AECA53-1C5C-425F-886C-BF6DA5284501} = {0E2E59C3-1F38-4D11-B475-1917C134B32A}
	EndGlobalSection
	GlobalSection(ExtensibilityGlobals) = postSolution
		SolutionGuid = {E3BA0AB2-734C-427F-8614-AFFE701874BB}
	EndGlobalSection
EndGlobal
