
Microsoft Visual Studio Solution File, Format Version 12.00
# Visual Studio Version 17
VisualStudioVersion = 17.11.35327.3
MinimumVisualStudioVersion = 10.0.40219.1
Project("{FAE04EC0-301F-11D3-BF4B-00C04F79EFBC}") = "Newtouch.HIS.Base.HOSP", "Newtouch.HIS.Base.HOSP\Newtouch.HIS.Base.HOSP.csproj", "{CD764D7C-24CF-4902-831A-16DBAE619DC0}"
EndProject
Project("{2150E333-8FDC-42A3-9474-1A3956D46DE8}") = "01 Common 基础结构层", "01 Common 基础结构层", "{06A175A4-0BDD-4EA7-9F38-3A3D8A7E3C14}"
EndProject
Project("{2150E333-8FDC-42A3-9474-1A3956D46DE8}") = "03 Domain 服务", "03 Domain 服务", "{E2D4D841-394C-401B-BA91-52FB4120CA5E}"
EndProject
Project("{2150E333-8FDC-42A3-9474-1A3956D46DE8}") = "04 Web 应用程序", "04 Web 应用程序", "{33931FB0-7053-491A-A42F-1E41EBCF0848}"
EndProject
Project("{FAE04EC0-301F-11D3-BF4B-00C04F79EFBC}") = "Newtouch.HIS.Application", "Newtouch.HIS.Application\Newtouch.HIS.Application.csproj", "{6C59712F-BDCA-4FF7-ACF7-A3F386B97DE5}"
EndProject
Project("{FAE04EC0-301F-11D3-BF4B-00C04F79EFBC}") = "Newtouch.HIS.Domain", "Newtouch.HIS.Domain\Newtouch.HIS.Domain.csproj", "{BD026358-CC01-440C-A7B7-1C64A422CE02}"
EndProject
Project("{FAE04EC0-301F-11D3-BF4B-00C04F79EFBC}") = "Newtouch.HIS.DomainServices", "Newtouch.HIS.DomainServices\Newtouch.HIS.DomainServices.csproj", "{7E82D60B-D28C-4596-A338-6C7321899CD4}"
EndProject
Project("{FAE04EC0-301F-11D3-BF4B-00C04F79EFBC}") = "Newtouch.HIS.Repository", "Newtouch.HIS.Repository\Newtouch.HIS.Repository.csproj", "{773E380E-608D-4671-87DC-DEEC0FEE16AE}"
EndProject
Project("{FAE04EC0-301F-11D3-BF4B-00C04F79EFBC}") = "Newtouch.Infrastructure", "Newtouch.Infrastructure\Newtouch.Infrastructure.csproj", "{C774F1F5-B3A7-4CD9-8596-AE4C2F350F43}"
EndProject
Project("{FAE04EC0-301F-11D3-BF4B-00C04F79EFBC}") = "Newtouch.HIS.Base.HOSP.API", "Newtouch.HIS.Base.HOSP.API\Newtouch.HIS.Base.HOSP.API.csproj", "{A9D390EF-E7A4-46D8-8014-3B0E6D29F65C}"
EndProject
Project("{2150E333-8FDC-42A3-9474-1A3956D46DE8}") = "API", "API", "{E3B948AC-5EAD-4035-94F4-862B9A4D3E04}"
EndProject
Project("{FAE04EC0-301F-11D3-BF4B-00C04F79EFBC}") = "Newtouch.HIS.Base.HOSP.Request", "Newtouch.HIS.Base.HOSP.Request\Newtouch.HIS.Base.HOSP.Request.csproj", "{E8EA812D-B849-4847-BF8B-2E4B1C80FFF6}"
EndProject
Project("{2150E333-8FDC-42A3-9474-1A3956D46DE8}") = "02 应用层", "02 应用层", "{BE37975E-C005-4B0E-A69F-5D3F20EB1808}"
EndProject
Project("{FAE04EC0-301F-11D3-BF4B-00C04F79EFBC}") = "Newtouch.HIS.Base", "Newtouch.HIS.Base\Newtouch.HIS.Base.csproj", "{61462AE5-7449-406C-B233-BE57B0AEAA28}"
EndProject
Global
	GlobalSection(SolutionConfigurationPlatforms) = preSolution
		9_190|Any CPU = 9_190|Any CPU
		Debug|Any CPU = Debug|Any CPU
		Release|Any CPU = Release|Any CPU
	EndGlobalSection
	GlobalSection(ProjectConfigurationPlatforms) = postSolution
		{CD764D7C-24CF-4902-831A-16DBAE619DC0}.9_190|Any CPU.ActiveCfg = 9_190|Any CPU
		{CD764D7C-24CF-4902-831A-16DBAE619DC0}.9_190|Any CPU.Build.0 = 9_190|Any CPU
		{CD764D7C-24CF-4902-831A-16DBAE619DC0}.Debug|Any CPU.ActiveCfg = Debug|Any CPU
		{CD764D7C-24CF-4902-831A-16DBAE619DC0}.Debug|Any CPU.Build.0 = Debug|Any CPU
		{CD764D7C-24CF-4902-831A-16DBAE619DC0}.Release|Any CPU.ActiveCfg = Release|Any CPU
		{CD764D7C-24CF-4902-831A-16DBAE619DC0}.Release|Any CPU.Build.0 = Release|Any CPU
		{6C59712F-BDCA-4FF7-ACF7-A3F386B97DE5}.9_190|Any CPU.ActiveCfg = 9_190|Any CPU
		{6C59712F-BDCA-4FF7-ACF7-A3F386B97DE5}.9_190|Any CPU.Build.0 = 9_190|Any CPU
		{6C59712F-BDCA-4FF7-ACF7-A3F386B97DE5}.Debug|Any CPU.ActiveCfg = Debug|Any CPU
		{6C59712F-BDCA-4FF7-ACF7-A3F386B97DE5}.Debug|Any CPU.Build.0 = Debug|Any CPU
		{6C59712F-BDCA-4FF7-ACF7-A3F386B97DE5}.Release|Any CPU.ActiveCfg = Release|Any CPU
		{6C59712F-BDCA-4FF7-ACF7-A3F386B97DE5}.Release|Any CPU.Build.0 = Release|Any CPU
		{BD026358-CC01-440C-A7B7-1C64A422CE02}.9_190|Any CPU.ActiveCfg = 9_190|Any CPU
		{BD026358-CC01-440C-A7B7-1C64A422CE02}.9_190|Any CPU.Build.0 = 9_190|Any CPU
		{BD026358-CC01-440C-A7B7-1C64A422CE02}.Debug|Any CPU.ActiveCfg = Debug|Any CPU
		{BD026358-CC01-440C-A7B7-1C64A422CE02}.Debug|Any CPU.Build.0 = Debug|Any CPU
		{BD026358-CC01-440C-A7B7-1C64A422CE02}.Release|Any CPU.ActiveCfg = Release|Any CPU
		{BD026358-CC01-440C-A7B7-1C64A422CE02}.Release|Any CPU.Build.0 = Release|Any CPU
		{7E82D60B-D28C-4596-A338-6C7321899CD4}.9_190|Any CPU.ActiveCfg = 9_190|Any CPU
		{7E82D60B-D28C-4596-A338-6C7321899CD4}.9_190|Any CPU.Build.0 = 9_190|Any CPU
		{7E82D60B-D28C-4596-A338-6C7321899CD4}.Debug|Any CPU.ActiveCfg = Debug|Any CPU
		{7E82D60B-D28C-4596-A338-6C7321899CD4}.Debug|Any CPU.Build.0 = Debug|Any CPU
		{7E82D60B-D28C-4596-A338-6C7321899CD4}.Release|Any CPU.ActiveCfg = Release|Any CPU
		{7E82D60B-D28C-4596-A338-6C7321899CD4}.Release|Any CPU.Build.0 = Release|Any CPU
		{773E380E-608D-4671-87DC-DEEC0FEE16AE}.9_190|Any CPU.ActiveCfg = 9_190|Any CPU
		{773E380E-608D-4671-87DC-DEEC0FEE16AE}.9_190|Any CPU.Build.0 = 9_190|Any CPU
		{773E380E-608D-4671-87DC-DEEC0FEE16AE}.Debug|Any CPU.ActiveCfg = Debug|Any CPU
		{773E380E-608D-4671-87DC-DEEC0FEE16AE}.Debug|Any CPU.Build.0 = Debug|Any CPU
		{773E380E-608D-4671-87DC-DEEC0FEE16AE}.Release|Any CPU.ActiveCfg = Release|Any CPU
		{773E380E-608D-4671-87DC-DEEC0FEE16AE}.Release|Any CPU.Build.0 = Release|Any CPU
		{C774F1F5-B3A7-4CD9-8596-AE4C2F350F43}.9_190|Any CPU.ActiveCfg = 9_190|Any CPU
		{C774F1F5-B3A7-4CD9-8596-AE4C2F350F43}.9_190|Any CPU.Build.0 = 9_190|Any CPU
		{C774F1F5-B3A7-4CD9-8596-AE4C2F350F43}.Debug|Any CPU.ActiveCfg = Debug|Any CPU
		{C774F1F5-B3A7-4CD9-8596-AE4C2F350F43}.Debug|Any CPU.Build.0 = Debug|Any CPU
		{C774F1F5-B3A7-4CD9-8596-AE4C2F350F43}.Release|Any CPU.ActiveCfg = Release|Any CPU
		{C774F1F5-B3A7-4CD9-8596-AE4C2F350F43}.Release|Any CPU.Build.0 = Release|Any CPU
		{A9D390EF-E7A4-46D8-8014-3B0E6D29F65C}.9_190|Any CPU.ActiveCfg = 9_190|Any CPU
		{A9D390EF-E7A4-46D8-8014-3B0E6D29F65C}.9_190|Any CPU.Build.0 = 9_190|Any CPU
		{A9D390EF-E7A4-46D8-8014-3B0E6D29F65C}.Debug|Any CPU.ActiveCfg = Debug|Any CPU
		{A9D390EF-E7A4-46D8-8014-3B0E6D29F65C}.Debug|Any CPU.Build.0 = Debug|Any CPU
		{A9D390EF-E7A4-46D8-8014-3B0E6D29F65C}.Release|Any CPU.ActiveCfg = Release|Any CPU
		{A9D390EF-E7A4-46D8-8014-3B0E6D29F65C}.Release|Any CPU.Build.0 = Release|Any CPU
		{E8EA812D-B849-4847-BF8B-2E4B1C80FFF6}.9_190|Any CPU.ActiveCfg = 9_190|Any CPU
		{E8EA812D-B849-4847-BF8B-2E4B1C80FFF6}.9_190|Any CPU.Build.0 = 9_190|Any CPU
		{E8EA812D-B849-4847-BF8B-2E4B1C80FFF6}.Debug|Any CPU.ActiveCfg = Debug|Any CPU
		{E8EA812D-B849-4847-BF8B-2E4B1C80FFF6}.Debug|Any CPU.Build.0 = Debug|Any CPU
		{E8EA812D-B849-4847-BF8B-2E4B1C80FFF6}.Release|Any CPU.ActiveCfg = Release|Any CPU
		{E8EA812D-B849-4847-BF8B-2E4B1C80FFF6}.Release|Any CPU.Build.0 = Release|Any CPU
		{61462AE5-7449-406C-B233-BE57B0AEAA28}.9_190|Any CPU.ActiveCfg = 9_190|Any CPU
		{61462AE5-7449-406C-B233-BE57B0AEAA28}.9_190|Any CPU.Build.0 = 9_190|Any CPU
		{61462AE5-7449-406C-B233-BE57B0AEAA28}.Debug|Any CPU.ActiveCfg = Debug|Any CPU
		{61462AE5-7449-406C-B233-BE57B0AEAA28}.Debug|Any CPU.Build.0 = Debug|Any CPU
		{61462AE5-7449-406C-B233-BE57B0AEAA28}.Release|Any CPU.ActiveCfg = Release|Any CPU
		{61462AE5-7449-406C-B233-BE57B0AEAA28}.Release|Any CPU.Build.0 = Release|Any CPU
	EndGlobalSection
	GlobalSection(SolutionProperties) = preSolution
		HideSolutionNode = FALSE
	EndGlobalSection
	GlobalSection(NestedProjects) = preSolution
		{CD764D7C-24CF-4902-831A-16DBAE619DC0} = {33931FB0-7053-491A-A42F-1E41EBCF0848}
		{6C59712F-BDCA-4FF7-ACF7-A3F386B97DE5} = {BE37975E-C005-4B0E-A69F-5D3F20EB1808}
		{BD026358-CC01-440C-A7B7-1C64A422CE02} = {E2D4D841-394C-401B-BA91-52FB4120CA5E}
		{7E82D60B-D28C-4596-A338-6C7321899CD4} = {E2D4D841-394C-401B-BA91-52FB4120CA5E}
		{773E380E-608D-4671-87DC-DEEC0FEE16AE} = {E2D4D841-394C-401B-BA91-52FB4120CA5E}
		{C774F1F5-B3A7-4CD9-8596-AE4C2F350F43} = {06A175A4-0BDD-4EA7-9F38-3A3D8A7E3C14}
		{A9D390EF-E7A4-46D8-8014-3B0E6D29F65C} = {E3B948AC-5EAD-4035-94F4-862B9A4D3E04}
		{E8EA812D-B849-4847-BF8B-2E4B1C80FFF6} = {E3B948AC-5EAD-4035-94F4-862B9A4D3E04}
		{61462AE5-7449-406C-B233-BE57B0AEAA28} = {33931FB0-7053-491A-A42F-1E41EBCF0848}
	EndGlobalSection
	GlobalSection(ExtensibilityGlobals) = postSolution
		SolutionGuid = {84473C31-CB45-49FB-BB86-B275DF545422}
	EndGlobalSection
EndGlobal
